// !$*UTF8*$!
{
	archiveVersion = 1;
	classes = {
	};
	objectVersion = 46;
	objects = {

/* Begin PBXBuildFile section */
		4CBEEB901E99F11B006F848F /* ServiceURLs.m in Sources */ = {isa = PBXBuildFile; fileRef = 4CBEEB8F1E99F11B006F848F /* ServiceURLs.m */; };
		4CEF75991E99694500AA3E07 /* main.m in Sources */ = {isa = PBXBuildFile; fileRef = 4CEF75981E99694500AA3E07 /* main.m */; };
		4CEF759C1E99694500AA3E07 /* AppDelegate.m in Sources */ = {isa = PBXBuildFile; fileRef = 4CEF759B1E99694500AA3E07 /* AppDelegate.m */; };
		4CEF759F1E99694500AA3E07 /* ViewController.m in Sources */ = {isa = PBXBuildFile; fileRef = 4CEF759E1E99694500AA3E07 /* ViewController.m */; };
		4CEF75A21E99694500AA3E07 /* Main.storyboard in Resources */ = {isa = PBXBuildFile; fileRef = 4CEF75A01E99694500AA3E07 /* Main.storyboard */; };
		4CEF75A41E99694500AA3E07 /* Assets.xcassets in Resources */ = {isa = PBXBuildFile; fileRef = 4CEF75A31E99694500AA3E07 /* Assets.xcassets */; };
		4CEF75A71E99694500AA3E07 /* LaunchScreen.storyboard in Resources */ = {isa = PBXBuildFile; fileRef = 4CEF75A51E99694500AA3E07 /* LaunchScreen.storyboard */; };
		EC3AC7F7B5922D3846D3E198 /* libPods-MDW-iOS.a in Frameworks */ = {isa = PBXBuildFile; fileRef = 3D11EF6796886A51818D1FAE /* libPods-MDW-iOS.a */; };
/* End PBXBuildFile section */

/* Begin PBXFileReference section */
		313D000E55E67A5144795EC9 /* Pods-MDW-iOS.release.xcconfig */ = {isa = PBXFileReference; includeInIndex = 1; lastKnownFileType = text.xcconfig; name = "Pods-MDW-iOS.release.xcconfig"; path = "Pods/Target Support Files/Pods-MDW-iOS/Pods-MDW-iOS.release.xcconfig"; sourceTree = "<group>"; };
		3204402F86974672082D0EB9 /* Pods-MDW-iOS.debug.xcconfig */ = {isa = PBXFileReference; includeInIndex = 1; lastKnownFileType = text.xcconfig; name = "Pods-MDW-iOS.debug.xcconfig"; path = "Pods/Target Support Files/Pods-MDW-iOS/Pods-MDW-iOS.debug.xcconfig"; sourceTree = "<group>"; };
		3D11EF6796886A51818D1FAE /* libPods-MDW-iOS.a */ = {isa = PBXFileReference; explicitFileType = archive.ar; includeInIndex = 0; path = "libPods-MDW-iOS.a"; sourceTree = BUILT_PRODUCTS_DIR; };
		4CBEEB8E1E99F11B006F848F /* ServiceURLs.h */ = {isa = PBXFileReference; fileEncoding = 4; lastKnownFileType = sourcecode.c.h; name = ServiceURLs.h; path = "utility Classes/ServiceURLs.h"; sourceTree = "<group>"; };
		4CBEEB8F1E99F11B006F848F /* ServiceURLs.m */ = {isa = PBXFileReference; fileEncoding = 4; lastKnownFileType = sourcecode.c.objc; name = ServiceURLs.m; path = "utility Classes/ServiceURLs.m"; sourceTree = "<group>"; };
		4CEF75941E99694500AA3E07 /* MDW-iOS.app */ = {isa = PBXFileReference; explicitFileType = wrapper.application; includeInIndex = 0; path = "MDW-iOS.app"; sourceTree = BUILT_PRODUCTS_DIR; };
		4CEF75981E99694500AA3E07 /* main.m */ = {isa = PBXFileReference; lastKnownFileType = sourcecode.c.objc; path = main.m; sourceTree = "<group>"; };
		4CEF759A1E99694500AA3E07 /* AppDelegate.h */ = {isa = PBXFileReference; lastKnownFileType = sourcecode.c.h; path = AppDelegate.h; sourceTree = "<group>"; };
		4CEF759B1E99694500AA3E07 /* AppDelegate.m */ = {isa = PBXFileReference; lastKnownFileType = sourcecode.c.objc; path = AppDelegate.m; sourceTree = "<group>"; };
		4CEF759D1E99694500AA3E07 /* ViewController.h */ = {isa = PBXFileReference; lastKnownFileType = sourcecode.c.h; path = ViewController.h; sourceTree = "<group>"; };
		4CEF759E1E99694500AA3E07 /* ViewController.m */ = {isa = PBXFileReference; lastKnownFileType = sourcecode.c.objc; path = ViewController.m; sourceTree = "<group>"; };
		4CEF75A11E99694500AA3E07 /* Base */ = {isa = PBXFileReference; lastKnownFileType = file.storyboard; name = Base; path = Base.lproj/Main.storyboard; sourceTree = "<group>"; };
		4CEF75A31E99694500AA3E07 /* Assets.xcassets */ = {isa = PBXFileReference; lastKnownFileType = folder.assetcatalog; path = Assets.xcassets; sourceTree = "<group>"; };
		4CEF75A61E99694500AA3E07 /* Base */ = {isa = PBXFileReference; lastKnownFileType = file.storyboard; name = Base; path = Base.lproj/LaunchScreen.storyboard; sourceTree = "<group>"; };
		4CEF75A81E99694500AA3E07 /* Info.plist */ = {isa = PBXFileReference; lastKnownFileType = text.plist.xml; path = Info.plist; sourceTree = "<group>"; };
/* End PBXFileReference section */

/* Begin PBXFrameworksBuildPhase section */
		4CEF75911E99694500AA3E07 /* Frameworks */ = {
			isa = PBXFrameworksBuildPhase;
			buildActionMask = 2147483647;
			files = (
				EC3AC7F7B5922D3846D3E198 /* libPods-MDW-iOS.a in Frameworks */,
			);
			runOnlyForDeploymentPostprocessing = 0;
		};
/* End PBXFrameworksBuildPhase section */

/* Begin PBXGroup section */
		4CBEEB8D1E99F0A5006F848F /* Utility Classes */ = {
			isa = PBXGroup;
			children = (
				4CBEEB8E1E99F11B006F848F /* ServiceURLs.h */,
				4CBEEB8F1E99F11B006F848F /* ServiceURLs.m */,
			);
			name = "Utility Classes";
			sourceTree = "<group>";
		};
		4CEF758B1E99694500AA3E07 = {
			isa = PBXGroup;
			children = (
				4CEF75961E99694500AA3E07 /* MDW-iOS */,
				4CEF75951E99694500AA3E07 /* Products */,
				9324549A60E9F58A7CD8F33A /* Pods */,
				EF6935FC7FAB03277AD4CA3A /* Frameworks */,
			);
			sourceTree = "<group>";
		};
		4CEF75951E99694500AA3E07 /* Products */ = {
			isa = PBXGroup;
			children = (
				4CEF75941E99694500AA3E07 /* MDW-iOS.app */,
			);
			name = Products;
			sourceTree = "<group>";
		};
		4CEF75961E99694500AA3E07 /* MDW-iOS */ = {
			isa = PBXGroup;
			children = (
				4CEF759A1E99694500AA3E07 /* AppDelegate.h */,
				4CEF759B1E99694500AA3E07 /* AppDelegate.m */,
				4CEF759D1E99694500AA3E07 /* ViewController.h */,
				4CEF759E1E99694500AA3E07 /* ViewController.m */,
				4CEF75A01E99694500AA3E07 /* Main.storyboard */,
				4CEF75A31E99694500AA3E07 /* Assets.xcassets */,
				4CEF75A51E99694500AA3E07 /* LaunchScreen.storyboard */,
				4CEF75A81E99694500AA3E07 /* Info.plist */,
				4CBEEB8D1E99F0A5006F848F /* Utility Classes */,
				4CEF75971E99694500AA3E07 /* Supporting Files */,
			);
			path = "MDW-iOS";
			sourceTree = "<group>";
		};
		4CEF75971E99694500AA3E07 /* Supporting Files */ = {
			isa = PBXGroup;
			children = (
				4CEF75981E99694500AA3E07 /* main.m */,
			);
			name = "Supporting Files";
			sourceTree = "<group>";
		};
		9324549A60E9F58A7CD8F33A /* Pods */ = {
			isa = PBXGroup;
			children = (
				3204402F86974672082D0EB9 /* Pods-MDW-iOS.debug.xcconfig */,
				313D000E55E67A5144795EC9 /* Pods-MDW-iOS.release.xcconfig */,
			);
			name = Pods;
			sourceTree = "<group>";
		};
		EF6935FC7FAB03277AD4CA3A /* Frameworks */ = {
			isa = PBXGroup;
			children = (
				3D11EF6796886A51818D1FAE /* libPods-MDW-iOS.a */,
			);
			name = Frameworks;
			sourceTree = "<group>";
		};
/* End PBXGroup section */

/* Begin PBXNativeTarget section */
		4CEF75931E99694500AA3E07 /* MDW-iOS */ = {
			isa = PBXNativeTarget;
			buildConfigurationList = 4CEF75AB1E99694500AA3E07 /* Build configuration list for PBXNativeTarget "MDW-iOS" */;
			buildPhases = (
				B64CCF048BE7CF226574D42E /* [CP] Check Pods Manifest.lock */,
				4CEF75901E99694500AA3E07 /* Sources */,
				4CEF75911E99694500AA3E07 /* Frameworks */,
				4CEF75921E99694500AA3E07 /* Resources */,
				1F08FD0F893F77581CC44276 /* [CP] Embed Pods Frameworks */,
				BD12C64536DC5DFF2A056894 /* [CP] Copy Pods Resources */,
			);
			buildRules = (
			);
			dependencies = (
			);
			name = "MDW-iOS";
			productName = "MDW-iOS";
			productReference = 4CEF75941E99694500AA3E07 /* MDW-iOS.app */;
			productType = "com.apple.product-type.application";
		};
/* End PBXNativeTarget section */

/* Begin PBXProject section */
		4CEF758C1E99694500AA3E07 /* Project object */ = {
			isa = PBXProject;
			attributes = {
				LastUpgradeCheck = 0830;
				ORGANIZATIONNAME = MAD;
				TargetAttributes = {
					4CEF75931E99694500AA3E07 = {
						CreatedOnToolsVersion = 8.3;
						ProvisioningStyle = Automatic;
					};
				};
			};
			buildConfigurationList = 4CEF758F1E99694500AA3E07 /* Build configuration list for PBXProject "MDW-iOS" */;
			compatibilityVersion = "Xcode 3.2";
			developmentRegion = English;
			hasScannedForEncodings = 0;
			knownRegions = (
				en,
				Base,
			);
			mainGroup = 4CEF758B1E99694500AA3E07;
			productRefGroup = 4CEF75951E99694500AA3E07 /* Products */;
			projectDirPath = "";
			projectRoot = "";
			targets = (
				4CEF75931E99694500AA3E07 /* MDW-iOS */,
			);
		};
/* End PBXProject section */

/* Begin PBXResourcesBuildPhase section */
		4CEF75921E99694500AA3E07 /* Resources */ = {
			isa = PBXResourcesBuildPhase;
			buildActionMask = 2147483647;
			files = (
				4CEF75A71E99694500AA3E07 /* LaunchScreen.storyboard in Resources */,
				4CEF75A41E99694500AA3E07 /* Assets.xcassets in Resources */,
				4CEF75A21E99694500AA3E07 /* Main.storyboard in Resources */,
			);
			runOnlyForDeploymentPostprocessing = 0;
		};
/* End PBXResourcesBuildPhase section */

/* Begin PBXShellScriptBuildPhase section */
		1F08FD0F893F77581CC44276 /* [CP] Embed Pods Frameworks */ = {
			isa = PBXShellScriptBuildPhase;
			buildActionMask = 2147483647;
			files = (
			);
			inputPaths = (
			);
			name = "[CP] Embed Pods Frameworks";
			outputPaths = (
			);
			runOnlyForDeploymentPostprocessing = 0;
			shellPath = /bin/sh;
			shellScript = "\"${SRCROOT}/Pods/Target Support Files/Pods-MDW-iOS/Pods-MDW-iOS-frameworks.sh\"\n";
			showEnvVarsInLog = 0;
		};
		B64CCF048BE7CF226574D42E /* [CP] Check Pods Manifest.lock */ = {
			isa = PBXShellScriptBuildPhase;
			buildActionMask = 2147483647;
			files = (
			);
			inputPaths = (
			);
			name = "[CP] Check Pods Manifest.lock";
			outputPaths = (
			);
			runOnlyForDeploymentPostprocessing = 0;
			shellPath = /bin/sh;
			shellScript = "diff \"${PODS_ROOT}/../Podfile.lock\" \"${PODS_ROOT}/Manifest.lock\" > /dev/null\nif [ $? != 0 ] ; then\n    # print error to STDERR\n    echo \"error: The sandbox is not in sync with the Podfile.lock. Run 'pod install' or update your CocoaPods installation.\" >&2\n    exit 1\nfi\n";
			showEnvVarsInLog = 0;
		};
		BD12C64536DC5DFF2A056894 /* [CP] Copy Pods Resources */ = {
			isa = PBXShellScriptBuildPhase;
			buildActionMask = 2147483647;
			files = (
			);
			inputPaths = (
			);
			name = "[CP] Copy Pods Resources";
			outputPaths = (
			);
			runOnlyForDeploymentPostprocessing = 0;
			shellPath = /bin/sh;
			shellScript = "\"${SRCROOT}/Pods/Target Support Files/Pods-MDW-iOS/Pods-MDW-iOS-resources.sh\"\n";
			showEnvVarsInLog = 0;
		};
/* End PBXShellScriptBuildPhase section */

/* Begin PBXSourcesBuildPhase section */
		4CEF75901E99694500AA3E07 /* Sources */ = {
			isa = PBXSourcesBuildPhase;
			buildActionMask = 2147483647;
			files = (
				4CEF759F1E99694500AA3E07 /* ViewController.m in Sources */,
				4CEF759C1E99694500AA3E07 /* AppDelegate.m in Sources */,
				4CEF75991E99694500AA3E07 /* main.m in Sources */,
				4CBEEB901E99F11B006F848F /* ServiceURLs.m in Sources */,
			);
			runOnlyForDeploymentPostprocessing = 0;
		};
/* End PBXSourcesBuildPhase section */

/* Begin PBXVariantGroup section */
		4CEF75A01E99694500AA3E07 /* Main.storyboard */ = {
			isa = PBXVariantGroup;
			children = (
				4CEF75A11E99694500AA3E07 /* Base */,
			);
			name = Main.storyboard;
			sourceTree = "<group>";
		};
		4CEF75A51E99694500AA3E07 /* LaunchScreen.storyboard */ = {
			isa = PBXVariantGroup;
			children = (
				4CEF75A61E99694500AA3E07 /* Base */,
			);
			name = LaunchScreen.storyboard;
			sourceTree = "<group>";
		};
/* End PBXVariantGroup section */

/* Begin XCBuildConfiguration section */
		4CEF75A91E99694500AA3E07 /* Debug */ = {
			isa = XCBuildConfiguration;
			buildSettings = {
				ALWAYS_SEARCH_USER_PATHS = NO;
				CLANG_ANALYZER_NONNULL = YES;
				CLANG_ANALYZER_NUMBER_OBJECT_CONVERSION = YES_AGGRESSIVE;
				CLANG_CXX_LANGUAGE_STANDARD = "gnu++0x";
				CLANG_CXX_LIBRARY = "libc++";
				CLANG_ENABLE_MODULES = YES;
				CLANG_ENABLE_OBJC_ARC = YES;
				CLANG_WARN_BOOL_CONVERSION = YES;
				CLANG_WARN_CONSTANT_CONVERSION = YES;
				CLANG_WARN_DIRECT_OBJC_ISA_USAGE = YES_ERROR;
				CLANG_WARN_DOCUMENTATION_COMMENTS = YES;
				CLANG_WARN_EMPTY_BODY = YES;
				CLANG_WARN_ENUM_CONVERSION = YES;
				CLANG_WARN_INFINITE_RECURSION = YES;
				CLANG_WARN_INT_CONVERSION = YES;
				CLANG_WARN_OBJC_ROOT_CLASS = YES_ERROR;
				CLANG_WARN_SUSPICIOUS_MOVE = YES;
				CLANG_WARN_UNREACHABLE_CODE = YES;
				CLANG_WARN__DUPLICATE_METHOD_MATCH = YES;
				"CODE_SIGN_IDENTITY[sdk=iphoneos*]" = "iPhone Developer";
				COPY_PHASE_STRIP = NO;
				DEBUG_INFORMATION_FORMAT = dwarf;
				ENABLE_STRICT_OBJC_MSGSEND = YES;
				ENABLE_TESTABILITY = YES;
				GCC_C_LANGUAGE_STANDARD = gnu99;
				GCC_DYNAMIC_NO_PIC = NO;
				GCC_NO_COMMON_BLOCKS = YES;
				GCC_OPTIMIZATION_LEVEL = 0;
				GCC_PREPROCESSOR_DEFINITIONS = (
					"DEBUG=1",
					"$(inherited)",
				);
				GCC_WARN_64_TO_32_BIT_CONVERSION = YES;
				GCC_WARN_ABOUT_RETURN_TYPE = YES_ERROR;
				GCC_WARN_UNDECLARED_SELECTOR = YES;
				GCC_WARN_UNINITIALIZED_AUTOS = YES_AGGRESSIVE;
				GCC_WARN_UNUSED_FUNCTION = YES;
				GCC_WARN_UNUSED_VARIABLE = YES;
				IPHONEOS_DEPLOYMENT_TARGET = 10.3;
				MTL_ENABLE_DEBUG_INFO = YES;
				ONLY_ACTIVE_ARCH = YES;
				SDKROOT = iphoneos;
			};
			name = Debug;
		};
		4CEF75AA1E99694500AA3E07 /* Release */ = {
			isa = XCBuildConfiguration;
			buildSettings = {
				ALWAYS_SEARCH_USER_PATHS = NO;
				CLANG_ANALYZER_NONNULL = YES;
				CLANG_ANALYZER_NUMBER_OBJECT_CONVERSION = YES_AGGRESSIVE;
				CLANG_CXX_LANGUAGE_STANDARD = "gnu++0x";
				CLANG_CXX_LIBRARY = "libc++";
				CLANG_ENABLE_MODULES = YES;
				CLANG_ENABLE_OBJC_ARC = YES;
				CLANG_WARN_BOOL_CONVERSION = YES;
				CLANG_WARN_CONSTANT_CONVERSION = YES;
				CLANG_WARN_DIRECT_OBJC_ISA_USAGE = YES_ERROR;
				CLANG_WARN_DOCUMENTATION_COMMENTS = YES;
				CLANG_WARN_EMPTY_BODY = YES;
				CLANG_WARN_ENUM_CONVERSION = YES;
				CLANG_WARN_INFINITE_RECURSION = YES;
				CLANG_WARN_INT_CONVERSION = YES;
				CLANG_WARN_OBJC_ROOT_CLASS = YES_ERROR;
				CLANG_WARN_SUSPICIOUS_MOVE = YES;
				CLANG_WARN_UNREACHABLE_CODE = YES;
				CLANG_WARN__DUPLICATE_METHOD_MATCH = YES;
				"CODE_SIGN_IDENTITY[sdk=iphoneos*]" = "iPhone Developer";
				COPY_PHASE_STRIP = NO;
				DEBUG_INFORMATION_FORMAT = "dwarf-with-dsym";
				ENABLE_NS_ASSERTIONS = NO;
				ENABLE_STRICT_OBJC_MSGSEND = YES;
				GCC_C_LANGUAGE_STANDARD = gnu99;
				GCC_NO_COMMON_BLOCKS = YES;
				GCC_WARN_64_TO_32_BIT_CONVERSION = YES;
				GCC_WARN_ABOUT_RETURN_TYPE = YES_ERROR;
				GCC_WARN_UNDECLARED_SELECTOR = YES;
				GCC_WARN_UNINITIALIZED_AUTOS = YES_AGGRESSIVE;
				GCC_WARN_UNUSED_FUNCTION = YES;
				GCC_WARN_UNUSED_VARIABLE = YES;
				IPHONEOS_DEPLOYMENT_TARGET = 10.3;
				MTL_ENABLE_DEBUG_INFO = NO;
				SDKROOT = iphoneos;
				VALIDATE_PRODUCT = YES;
			};
			name = Release;
		};
		4CEF75AC1E99694500AA3E07 /* Debug */ = {
			isa = XCBuildConfiguration;
			baseConfigurationReference = 3204402F86974672082D0EB9 /* Pods-MDW-iOS.debug.xcconfig */;
			buildSettings = {
				ASSETCATALOG_COMPILER_APPICON_NAME = AppIcon;
				INFOPLIST_FILE = "MDW-iOS/Info.plist";
				LD_RUNPATH_SEARCH_PATHS = "$(inherited) @executable_path/Frameworks";
				PRODUCT_BUNDLE_IDENTIFIER = "JETS.MDW-iOS";
				PRODUCT_NAME = "$(TARGET_NAME)";
			};
			name = Debug;
		};
		4CEF75AD1E99694500AA3E07 /* Release */ = {
			isa = XCBuildConfiguration;
			baseConfigurationReference = 313D000E55E67A5144795EC9 /* Pods-MDW-iOS.release.xcconfig */;
			buildSettings = {
				ASSETCATALOG_COMPILER_APPICON_NAME = AppIcon;
				INFOPLIST_FILE = "MDW-iOS/Info.plist";
				LD_RUNPATH_SEARCH_PATHS = "$(inherited) @executable_path/Frameworks";
				PRODUCT_BUNDLE_IDENTIFIER = "JETS.MDW-iOS";
				PRODUCT_NAME = "$(TARGET_NAME)";
			};
			name = Release;
		};
/* End XCBuildConfiguration section */

/* Begin XCConfigurationList section */
		4CEF758F1E99694500AA3E07 /* Build configuration list for PBXProject "MDW-iOS" */ = {
			isa = XCConfigurationList;
			buildConfigurations = (
				4CEF75A91E99694500AA3E07 /* Debug */,
				4CEF75AA1E99694500AA3E07 /* Release */,
			);
			defaultConfigurationIsVisible = 0;
			defaultConfigurationName = Release;
		};
		4CEF75AB1E99694500AA3E07 /* Build configuration list for PBXNativeTarget "MDW-iOS" */ = {
			isa = XCConfigurationList;
			buildConfigurations = (
				4CEF75AC1E99694500AA3E07 /* Debug */,
				4CEF75AD1E99694500AA3E07 /* Release */,
			);
			defaultConfigurationIsVisible = 0;
			defaultConfigurationName = Release;
		};
/* End XCConfigurationList section */
	};
	rootObject = 4CEF758C1E99694500AA3E07 /* Project object */;
}
