// !$*UTF8*$!
{
	archiveVersion = 1;
	classes = {
	};
	objectVersion = 46;
	objects = {

/* Begin PBXBuildFile section */
		030461581EAA9E700013097C /* SpeakerDetailsViewController.m in Sources */ = {isa = PBXBuildFile; fileRef = 030461571EAA9E700013097C /* SpeakerDetailsViewController.m */; };
		031558191EA240C200C6EB14 /* fields_background.png in Resources */ = {isa = PBXBuildFile; fileRef = 031558181EA240C200C6EB14 /* fields_background.png */; };
		0365A98E1EA39AE500A6B6A3 /* SessionDetailsViewController.m in Sources */ = {isa = PBXBuildFile; fileRef = 0365A98D1EA39AE500A6B6A3 /* SessionDetailsViewController.m */; };
		0365A9911EA401EE00A6B6A3 /* NameFormatter.m in Sources */ = {isa = PBXBuildFile; fileRef = 0365A9901EA401EE00A6B6A3 /* NameFormatter.m */; };
		4C81C1301E9FB7580076D2F4 /* loginHeader.png in Resources */ = {isa = PBXBuildFile; fileRef = 4C81C12F1E9FB7580076D2F4 /* loginHeader.png */; };
		4C81C1321E9FB7680076D2F4 /* background.png in Resources */ = {isa = PBXBuildFile; fileRef = 4C81C1311E9FB7680076D2F4 /* background.png */; };
		4C81C1351E9FB9F20076D2F4 /* SignInViewController.m in Sources */ = {isa = PBXBuildFile; fileRef = 4C81C1341E9FB9F20076D2F4 /* SignInViewController.m */; };
		4C81C13A1E9FDE7D0076D2F4 /* WebServiceDataFetching.m in Sources */ = {isa = PBXBuildFile; fileRef = 4C81C1391E9FDE7D0076D2F4 /* WebServiceDataFetching.m */; };
		4CBE198A1EA1E63A00C5C553 /* AgendaDays.m in Sources */ = {isa = PBXBuildFile; fileRef = 4CBE19871EA1E63A00C5C553 /* AgendaDays.m */; };
		4CBE198B1EA1E63A00C5C553 /* SessionTypes.m in Sources */ = {isa = PBXBuildFile; fileRef = 4CBE19891EA1E63A00C5C553 /* SessionTypes.m */; };
		4CBE198E1EA1E7EF00C5C553 /* ImageDAO.m in Sources */ = {isa = PBXBuildFile; fileRef = 4CBE198D1EA1E7EF00C5C553 /* ImageDAO.m */; };
		4CBE19911EA1E7FE00C5C553 /* ImageDTO.m in Sources */ = {isa = PBXBuildFile; fileRef = 4CBE19901EA1E7FE00C5C553 /* ImageDTO.m */; };
		4CBE19941EA1E81900C5C553 /* Attendee.m in Sources */ = {isa = PBXBuildFile; fileRef = 4CBE19931EA1E81900C5C553 /* Attendee.m */; };
		4CBE19971EA1E82700C5C553 /* ExhibitorDAO.m in Sources */ = {isa = PBXBuildFile; fileRef = 4CBE19961EA1E82700C5C553 /* ExhibitorDAO.m */; };
		4CBE199A1EA1E83800C5C553 /* ExhibitorDTO.m in Sources */ = {isa = PBXBuildFile; fileRef = 4CBE19991EA1E83800C5C553 /* ExhibitorDTO.m */; };
		4CBE199D1EA1E84600C5C553 /* SessionDAO.m in Sources */ = {isa = PBXBuildFile; fileRef = 4CBE199C1EA1E84600C5C553 /* SessionDAO.m */; };
		4CBE19A01EA1E85100C5C553 /* SessionDTO.m in Sources */ = {isa = PBXBuildFile; fileRef = 4CBE199F1EA1E85100C5C553 /* SessionDTO.m */; };
		4CBE19A31EA1E86A00C5C553 /* SpeakerDAO.m in Sources */ = {isa = PBXBuildFile; fileRef = 4CBE19A21EA1E86A00C5C553 /* SpeakerDAO.m */; };
		4CBE19A61EA1E87900C5C553 /* SpeakerDTO.m in Sources */ = {isa = PBXBuildFile; fileRef = 4CBE19A51EA1E87900C5C553 /* SpeakerDTO.m */; };
		4CBE19AB1EA22B7900C5C553 /* Realm.framework in Frameworks */ = {isa = PBXBuildFile; fileRef = 4CBE19A71EA1EBCB00C5C553 /* Realm.framework */; };
		4CBE19AC1EA22B7900C5C553 /* Realm.framework in Embed Frameworks */ = {isa = PBXBuildFile; fileRef = 4CBE19A71EA1EBCB00C5C553 /* Realm.framework */; settings = {ATTRIBUTES = (CodeSignOnCopy, RemoveHeadersOnCopy, ); }; };
		4CBE19B01EA2432900C5C553 /* DateConverter.m in Sources */ = {isa = PBXBuildFile; fileRef = 4CBE19AF1EA2432900C5C553 /* DateConverter.m */; };
		4CBEEB901E99F11B006F848F /* ServiceURLs.m in Sources */ = {isa = PBXBuildFile; fileRef = 4CBEEB8F1E99F11B006F848F /* ServiceURLs.m */; };
		4CC2F4B51EAF81DE0078C74C /* no_sessions_home.png in Resources */ = {isa = PBXBuildFile; fileRef = 4CC2F4B31EAF81DE0078C74C /* no_sessions_home.png */; };
		4CC2F4B61EAF81DE0078C74C /* no_sessions_day.png in Resources */ = {isa = PBXBuildFile; fileRef = 4CC2F4B41EAF81DE0078C74C /* no_sessions_day.png */; };
		4CC3F83C1EA5DB060041F84E /* SharedObjects.m in Sources */ = {isa = PBXBuildFile; fileRef = 4CC3F83B1EA5DB060041F84E /* SharedObjects.m */; };
		4CC5466C1EA026DE00CA0B62 /* UIImageView+UIImageView_CashingWebImage.m in Sources */ = {isa = PBXBuildFile; fileRef = 4CC5466B1EA026DE00CA0B62 /* UIImageView+UIImageView_CashingWebImage.m */; };
		4CC7D4131EA26377000B7E70 /* breakicon.png in Resources */ = {isa = PBXBuildFile; fileRef = 4CC7D4121EA26377000B7E70 /* breakicon.png */; };
		4CC7D4151EA2638D000B7E70 /* session.png in Resources */ = {isa = PBXBuildFile; fileRef = 4CC7D4141EA2638D000B7E70 /* session.png */; };
		4CC7D4171EA26397000B7E70 /* hacathon.png in Resources */ = {isa = PBXBuildFile; fileRef = 4CC7D4161EA26397000B7E70 /* hacathon.png */; };
		4CC7D4191EA263B0000B7E70 /* workshop.png in Resources */ = {isa = PBXBuildFile; fileRef = 4CC7D4181EA263B0000B7E70 /* workshop.png */; };
		4CEF75991E99694500AA3E07 /* main.m in Sources */ = {isa = PBXBuildFile; fileRef = 4CEF75981E99694500AA3E07 /* main.m */; };
		4CEF759C1E99694500AA3E07 /* AppDelegate.m in Sources */ = {isa = PBXBuildFile; fileRef = 4CEF759B1E99694500AA3E07 /* AppDelegate.m */; };
		4CEF759F1E99694500AA3E07 /* ViewController.m in Sources */ = {isa = PBXBuildFile; fileRef = 4CEF759E1E99694500AA3E07 /* ViewController.m */; };
		4CEF75A21E99694500AA3E07 /* Main.storyboard in Resources */ = {isa = PBXBuildFile; fileRef = 4CEF75A01E99694500AA3E07 /* Main.storyboard */; };
		4CEF75A41E99694500AA3E07 /* Assets.xcassets in Resources */ = {isa = PBXBuildFile; fileRef = 4CEF75A31E99694500AA3E07 /* Assets.xcassets */; };
		4CEF75A71E99694500AA3E07 /* LaunchScreen.storyboard in Resources */ = {isa = PBXBuildFile; fileRef = 4CEF75A51E99694500AA3E07 /* LaunchScreen.storyboard */; };
		CC1150501EA12A5800692A6E /* FirstDaySessionsAgenda.m in Sources */ = {isa = PBXBuildFile; fileRef = CC11504F1EA12A5800692A6E /* FirstDaySessionsAgenda.m */; };
		CC1150531EA12CEA00692A6E /* SecondDaySessionsAgenda.m in Sources */ = {isa = PBXBuildFile; fileRef = CC1150521EA12CEA00692A6E /* SecondDaySessionsAgenda.m */; };
		CC1150561EA130F800692A6E /* ThirdDaySessionsAgenda.m in Sources */ = {isa = PBXBuildFile; fileRef = CC1150551EA130F800692A6E /* ThirdDaySessionsAgenda.m */; };
		CC1150591EA13FF300692A6E /* AllSessionsMyAgenda.m in Sources */ = {isa = PBXBuildFile; fileRef = CC1150581EA13FF300692A6E /* AllSessionsMyAgenda.m */; };
		CC11505C1EA142BF00692A6E /* FirstDaySessionsMyAgenda.m in Sources */ = {isa = PBXBuildFile; fileRef = CC11505B1EA142BF00692A6E /* FirstDaySessionsMyAgenda.m */; };
		CC11505F1EA1447300692A6E /* SecondDaySessionsMyAgenda.m in Sources */ = {isa = PBXBuildFile; fileRef = CC11505E1EA1447300692A6E /* SecondDaySessionsMyAgenda.m */; };
		CC1150621EA147B600692A6E /* ThirdDaySessionsMyAgenda.m in Sources */ = {isa = PBXBuildFile; fileRef = CC1150611EA147B600692A6E /* ThirdDaySessionsMyAgenda.m */; };
		CC237F461EA5067B00499446 /* Exhibitors.m in Sources */ = {isa = PBXBuildFile; fileRef = CC237F451EA5067B00499446 /* Exhibitors.m */; };
		CC237F491EA510FE00499446 /* ProfileBarViewController.m in Sources */ = {isa = PBXBuildFile; fileRef = CC237F481EA510FE00499446 /* ProfileBarViewController.m */; };
		CC237F4C1EA5157300499446 /* InfoProfileViewController.m in Sources */ = {isa = PBXBuildFile; fileRef = CC237F4B1EA5157300499446 /* InfoProfileViewController.m */; };
		CC237F4F1EA5279800499446 /* Tickets.m in Sources */ = {isa = PBXBuildFile; fileRef = CC237F4E1EA5279800499446 /* Tickets.m */; };
		CC237F521EA53A4A00499446 /* MyContatct.m in Sources */ = {isa = PBXBuildFile; fileRef = CC237F511EA53A4A00499446 /* MyContatct.m */; };
		CC5352421E9F3C0800F18F37 /* HomeViewController.m in Sources */ = {isa = PBXBuildFile; fileRef = CC5352411E9F3C0800F18F37 /* HomeViewController.m */; };
		CC5352451E9F3D1A00F18F37 /* SideBarListViewController.m in Sources */ = {isa = PBXBuildFile; fileRef = CC5352441E9F3D1A00F18F37 /* SideBarListViewController.m */; };
		CC5352481E9F64DB00F18F37 /* MyAgendaBarController.m in Sources */ = {isa = PBXBuildFile; fileRef = CC5352471E9F64DB00F18F37 /* MyAgendaBarController.m */; };
		CC53528A1EA11B5900F18F37 /* AllSessionsAgenda.m in Sources */ = {isa = PBXBuildFile; fileRef = CC5352891EA11B5900F18F37 /* AllSessionsAgenda.m */; };
		CC64AA101E9F1DB90058EB6A /* agenda.png in Resources */ = {isa = PBXBuildFile; fileRef = CC64A9CB1E9F1DB80058EB6A /* agenda.png */; };
		CC64AA111E9F1DB90058EB6A /* allDays.png in Resources */ = {isa = PBXBuildFile; fileRef = CC64A9CC1E9F1DB80058EB6A /* allDays.png */; };
		CC64AA121E9F1DB90058EB6A /* background.png in Resources */ = {isa = PBXBuildFile; fileRef = CC64A9CD1E9F1DB80058EB6A /* background.png */; };
		CC64AA131E9F1DB90058EB6A /* breakicon.png in Resources */ = {isa = PBXBuildFile; fileRef = CC64A9CE1E9F1DB80058EB6A /* breakicon.png */; };
		CC64AA141E9F1DB90058EB6A /* calender.png in Resources */ = {isa = PBXBuildFile; fileRef = CC64A9CF1E9F1DB80058EB6A /* calender.png */; };
		CC64AA151E9F1DB90058EB6A /* contact.png in Resources */ = {isa = PBXBuildFile; fileRef = CC64A9D01E9F1DB80058EB6A /* contact.png */; };
		CC64AA161E9F1DB90058EB6A /* emailIcon.png in Resources */ = {isa = PBXBuildFile; fileRef = CC64A9D11E9F1DB80058EB6A /* emailIcon.png */; };
		CC64AA171E9F1DB90058EB6A /* exihiptors.png in Resources */ = {isa = PBXBuildFile; fileRef = CC64A9D21E9F1DB80058EB6A /* exihiptors.png */; };
		CC64AA181E9F1DB90058EB6A /* firstDay.png in Resources */ = {isa = PBXBuildFile; fileRef = CC64A9D31E9F1DB80058EB6A /* firstDay.png */; };
		CC64AA191E9F1DB90058EB6A /* footer.png in Resources */ = {isa = PBXBuildFile; fileRef = CC64A9D41E9F1DB80058EB6A /* footer.png */; };
		CC64AA1A1E9F1DB90058EB6A /* hacathon.png in Resources */ = {isa = PBXBuildFile; fileRef = CC64A9D51E9F1DB80058EB6A /* hacathon.png */; };
		CC64AA1B1E9F1DB90058EB6A /* Icon-40 2.png in Resources */ = {isa = PBXBuildFile; fileRef = CC64A9D61E9F1DB80058EB6A /* Icon-40 2.png */; };
		CC64AA1C1E9F1DB90058EB6A /* Icon-40 3.png in Resources */ = {isa = PBXBuildFile; fileRef = CC64A9D71E9F1DB80058EB6A /* Icon-40 3.png */; };
		CC64AA1D1E9F1DB90058EB6A /* Icon-40.png in Resources */ = {isa = PBXBuildFile; fileRef = CC64A9D81E9F1DB80058EB6A /* Icon-40.png */; };
		CC64AA1E1E9F1DB90058EB6A /* Icon-40@2x 2.png in Resources */ = {isa = PBXBuildFile; fileRef = CC64A9D91E9F1DB80058EB6A /* Icon-40@2x 2.png */; };
		CC64AA1F1E9F1DB90058EB6A /* Icon-40@2x 3.png in Resources */ = {isa = PBXBuildFile; fileRef = CC64A9DA1E9F1DB80058EB6A /* Icon-40@2x 3.png */; };
		CC64AA201E9F1DB90058EB6A /* Icon-40@2x.png in Resources */ = {isa = PBXBuildFile; fileRef = CC64A9DB1E9F1DB80058EB6A /* Icon-40@2x.png */; };
		CC64AA211E9F1DB90058EB6A /* Icon-40@3x 2.png in Resources */ = {isa = PBXBuildFile; fileRef = CC64A9DC1E9F1DB80058EB6A /* Icon-40@3x 2.png */; };
		CC64AA221E9F1DB90058EB6A /* Icon-40@3x 3.png in Resources */ = {isa = PBXBuildFile; fileRef = CC64A9DD1E9F1DB80058EB6A /* Icon-40@3x 3.png */; };
		CC64AA231E9F1DB90058EB6A /* Icon-40@3x.png in Resources */ = {isa = PBXBuildFile; fileRef = CC64A9DE1E9F1DB80058EB6A /* Icon-40@3x.png */; };
		CC64AA241E9F1DB90058EB6A /* Icon-60@2x 2.png in Resources */ = {isa = PBXBuildFile; fileRef = CC64A9DF1E9F1DB80058EB6A /* Icon-60@2x 2.png */; };
		CC64AA251E9F1DB90058EB6A /* Icon-60@2x.png in Resources */ = {isa = PBXBuildFile; fileRef = CC64A9E01E9F1DB80058EB6A /* Icon-60@2x.png */; };
		CC64AA261E9F1DB90058EB6A /* Icon-60@3x 2.png in Resources */ = {isa = PBXBuildFile; fileRef = CC64A9E11E9F1DB80058EB6A /* Icon-60@3x 2.png */; };
		CC64AA271E9F1DB90058EB6A /* Icon-60@3x.png in Resources */ = {isa = PBXBuildFile; fileRef = CC64A9E21E9F1DB80058EB6A /* Icon-60@3x.png */; };
		CC64AA281E9F1DB90058EB6A /* Icon-76 2.png in Resources */ = {isa = PBXBuildFile; fileRef = CC64A9E31E9F1DB80058EB6A /* Icon-76 2.png */; };
		CC64AA291E9F1DB90058EB6A /* Icon-76.png in Resources */ = {isa = PBXBuildFile; fileRef = CC64A9E41E9F1DB80058EB6A /* Icon-76.png */; };
		CC64AA2A1E9F1DB90058EB6A /* Icon-76@2x 2.png in Resources */ = {isa = PBXBuildFile; fileRef = CC64A9E51E9F1DB80058EB6A /* Icon-76@2x 2.png */; };
		CC64AA2B1E9F1DB90058EB6A /* Icon-76@2x.png in Resources */ = {isa = PBXBuildFile; fileRef = CC64A9E61E9F1DB80058EB6A /* Icon-76@2x.png */; };
		CC64AA2C1E9F1DB90058EB6A /* Icon-83.5@2x 2.png in Resources */ = {isa = PBXBuildFile; fileRef = CC64A9E71E9F1DB80058EB6A /* Icon-83.5@2x 2.png */; };
		CC64AA2D1E9F1DB90058EB6A /* Icon-83.5@2x.png in Resources */ = {isa = PBXBuildFile; fileRef = CC64A9E81E9F1DB80058EB6A /* Icon-83.5@2x.png */; };
		CC64AA2E1E9F1DB90058EB6A /* Icon-Small 2.png in Resources */ = {isa = PBXBuildFile; fileRef = CC64A9E91E9F1DB80058EB6A /* Icon-Small 2.png */; };
		CC64AA2F1E9F1DB90058EB6A /* Icon-Small.png in Resources */ = {isa = PBXBuildFile; fileRef = CC64A9EA1E9F1DB80058EB6A /* Icon-Small.png */; };
		CC64AA301E9F1DB90058EB6A /* Icon-Small@2x 2.png in Resources */ = {isa = PBXBuildFile; fileRef = CC64A9EB1E9F1DB80058EB6A /* Icon-Small@2x 2.png */; };
		CC64AA311E9F1DB90058EB6A /* Icon-Small@2x.png in Resources */ = {isa = PBXBuildFile; fileRef = CC64A9EC1E9F1DB80058EB6A /* Icon-Small@2x.png */; };
		CC64AA321E9F1DB90058EB6A /* Icon-Small@3x 2.png in Resources */ = {isa = PBXBuildFile; fileRef = CC64A9ED1E9F1DB80058EB6A /* Icon-Small@3x 2.png */; };
		CC64AA331E9F1DB90058EB6A /* Icon-Small@3x.png in Resources */ = {isa = PBXBuildFile; fileRef = CC64A9EE1E9F1DB80058EB6A /* Icon-Small@3x.png */; };
		CC64AA341E9F1DB90058EB6A /* info.png in Resources */ = {isa = PBXBuildFile; fileRef = CC64A9EF1E9F1DB80058EB6A /* info.png */; };
		CC64AA351E9F1DB90058EB6A /* jetsmoblab.PNG in Resources */ = {isa = PBXBuildFile; fileRef = CC64A9F01E9F1DB80058EB6A /* jetsmoblab.PNG */; };
		CC64AA361E9F1DB90058EB6A /* leftSideMenuBackground.png in Resources */ = {isa = PBXBuildFile; fileRef = CC64A9F11E9F1DB80058EB6A /* leftSideMenuBackground.png */; };
		CC64AA371E9F1DB90058EB6A /* leftSideMenuHeader.png in Resources */ = {isa = PBXBuildFile; fileRef = CC64A9F21E9F1DB80058EB6A /* leftSideMenuHeader.png */; };
		CC64AA381E9F1DB90058EB6A /* location.png in Resources */ = {isa = PBXBuildFile; fileRef = CC64A9F31E9F1DB80058EB6A /* location.png */; };
		CC64AA391E9F1DB90058EB6A /* loginButton.png in Resources */ = {isa = PBXBuildFile; fileRef = CC64A9F41E9F1DB80058EB6A /* loginButton.png */; };
		CC64AA3A1E9F1DB90058EB6A /* loginHeader.png in Resources */ = {isa = PBXBuildFile; fileRef = CC64A9F51E9F1DB80058EB6A /* loginHeader.png */; };
		CC64AA3B1E9F1DB90058EB6A /* loginTextBoxsBackGround.png in Resources */ = {isa = PBXBuildFile; fileRef = CC64A9F61E9F1DB80058EB6A /* loginTextBoxsBackGround.png */; };
		CC64AA3C1E9F1DB90058EB6A /* logo.png in Resources */ = {isa = PBXBuildFile; fileRef = CC64A9F71E9F1DB80058EB6A /* logo.png */; };
		CC64AA3D1E9F1DB90058EB6A /* logo1.png in Resources */ = {isa = PBXBuildFile; fileRef = CC64A9F81E9F1DB80058EB6A /* logo1.png */; };
		CC64AA3E1E9F1DB90058EB6A /* logout.png in Resources */ = {isa = PBXBuildFile; fileRef = CC64A9F91E9F1DB80058EB6A /* logout.png */; };
		CC64AA3F1E9F1DB90058EB6A /* MDW 2016 Mobile APP150-47.png in Resources */ = {isa = PBXBuildFile; fileRef = CC64A9FA1E9F1DB80058EB6A /* MDW 2016 Mobile APP150-47.png */; };
		CC64AA401E9F1DB90058EB6A /* myagenda.png in Resources */ = {isa = PBXBuildFile; fileRef = CC64A9FB1E9F1DB80058EB6A /* myagenda.png */; };
		CC64AA411E9F1DB90058EB6A /* myContactBackground.png in Resources */ = {isa = PBXBuildFile; fileRef = CC64A9FC1E9F1DB80058EB6A /* myContactBackground.png */; };
		CC64AA421E9F1DB90058EB6A /* myTicketBackground.png in Resources */ = {isa = PBXBuildFile; fileRef = CC64A9FD1E9F1DB80058EB6A /* myTicketBackground.png */; };
		CC64AA431E9F1DB90058EB6A /* phoneIcon.png in Resources */ = {isa = PBXBuildFile; fileRef = CC64A9FE1E9F1DB90058EB6A /* phoneIcon.png */; };
		CC64AA441E9F1DB90058EB6A /* profile.png in Resources */ = {isa = PBXBuildFile; fileRef = CC64A9FF1E9F1DB90058EB6A /* profile.png */; };
		CC64AA451E9F1DB90058EB6A /* qr.png in Resources */ = {isa = PBXBuildFile; fileRef = CC64AA001E9F1DB90058EB6A /* qr.png */; };
		CC64AA461E9F1DB90058EB6A /* reveal-icon.png in Resources */ = {isa = PBXBuildFile; fileRef = CC64AA011E9F1DB90058EB6A /* reveal-icon.png */; };
		CC64AA471E9F1DB90058EB6A /* secondDay.png in Resources */ = {isa = PBXBuildFile; fileRef = CC64AA021E9F1DB90058EB6A /* secondDay.png */; };
		CC64AA481E9F1DB90058EB6A /* session.png in Resources */ = {isa = PBXBuildFile; fileRef = CC64AA031E9F1DB90058EB6A /* session.png */; };
		CC64AA491E9F1DB90058EB6A /* sessionapproved.png in Resources */ = {isa = PBXBuildFile; fileRef = CC64AA041E9F1DB90058EB6A /* sessionapproved.png */; };
		CC64AA4A1E9F1DB90058EB6A /* sessionnotadded.png in Resources */ = {isa = PBXBuildFile; fileRef = CC64AA051E9F1DB90058EB6A /* sessionnotadded.png */; };
		CC64AA4B1E9F1DB90058EB6A /* sessionpending.png in Resources */ = {isa = PBXBuildFile; fileRef = CC64AA061E9F1DB90058EB6A /* sessionpending.png */; };
		CC64AA4C1E9F1DB90058EB6A /* sideMenuBackGround.png in Resources */ = {isa = PBXBuildFile; fileRef = CC64AA071E9F1DB90058EB6A /* sideMenuBackGround.png */; };
		CC64AA4D1E9F1DB90058EB6A /* speaker.png in Resources */ = {isa = PBXBuildFile; fileRef = CC64AA081E9F1DB90058EB6A /* speaker.png */; };
		CC64AA4E1E9F1DB90058EB6A /* splash (2).png in Resources */ = {isa = PBXBuildFile; fileRef = CC64AA091E9F1DB90058EB6A /* splash (2).png */; };
		CC64AA4F1E9F1DB90058EB6A /* splash.png in Resources */ = {isa = PBXBuildFile; fileRef = CC64AA0A1E9F1DB90058EB6A /* splash.png */; };
		CC64AA501E9F1DB90058EB6A /* star.png in Resources */ = {isa = PBXBuildFile; fileRef = CC64AA0B1E9F1DB90058EB6A /* star.png */; };
		CC64AA511E9F1DB90058EB6A /* starclicked.png in Resources */ = {isa = PBXBuildFile; fileRef = CC64AA0C1E9F1DB90058EB6A /* starclicked.png */; };
		CC64AA521E9F1DB90058EB6A /* thirdDay.png in Resources */ = {isa = PBXBuildFile; fileRef = CC64AA0D1E9F1DB90058EB6A /* thirdDay.png */; };
		CC64AA531E9F1DB90058EB6A /* ticket.png in Resources */ = {isa = PBXBuildFile; fileRef = CC64AA0E1E9F1DB90058EB6A /* ticket.png */; };
		CC64AA541E9F1DB90058EB6A /* workshop.png in Resources */ = {isa = PBXBuildFile; fileRef = CC64AA0F1E9F1DB90058EB6A /* workshop.png */; };
		CC74FAB51EA36A210067C73A /* SpeakrsList.m in Sources */ = {isa = PBXBuildFile; fileRef = CC74FAB41EA36A210067C73A /* SpeakrsList.m */; };
		CC7E39491E9E6349002EE671 /* SWRevealViewController.m in Sources */ = {isa = PBXBuildFile; fileRef = CC7E39481E9E6349002EE671 /* SWRevealViewController.m */; };
		EC3AC7F7B5922D3846D3E198 /* libPods-MDW-iOS.a in Frameworks */ = {isa = PBXBuildFile; fileRef = 3D11EF6796886A51818D1FAE /* libPods-MDW-iOS.a */; };
/* End PBXBuildFile section */

/* Begin PBXCopyFilesBuildPhase section */
		4CBE19AD1EA22B7900C5C553 /* Embed Frameworks */ = {
			isa = PBXCopyFilesBuildPhase;
			buildActionMask = 2147483647;
			dstPath = "";
			dstSubfolderSpec = 10;
			files = (
				4CBE19AC1EA22B7900C5C553 /* Realm.framework in Embed Frameworks */,
			);
			name = "Embed Frameworks";
			runOnlyForDeploymentPostprocessing = 0;
		};
/* End PBXCopyFilesBuildPhase section */

/* Begin PBXFileReference section */
		030461561EAA9E700013097C /* SpeakerDetailsViewController.h */ = {isa = PBXFileReference; fileEncoding = 4; lastKnownFileType = sourcecode.c.h; path = SpeakerDetailsViewController.h; sourceTree = "<group>"; };
		030461571EAA9E700013097C /* SpeakerDetailsViewController.m */ = {isa = PBXFileReference; fileEncoding = 4; lastKnownFileType = sourcecode.c.objc; path = SpeakerDetailsViewController.m; sourceTree = "<group>"; };
		031558181EA240C200C6EB14 /* fields_background.png */ = {isa = PBXFileReference; lastKnownFileType = image.png; name = fields_background.png; path = "MDW UI/fields_background.png"; sourceTree = "<group>"; };
		0365A98C1EA39AE500A6B6A3 /* SessionDetailsViewController.h */ = {isa = PBXFileReference; fileEncoding = 4; lastKnownFileType = sourcecode.c.h; path = SessionDetailsViewController.h; sourceTree = "<group>"; };
		0365A98D1EA39AE500A6B6A3 /* SessionDetailsViewController.m */ = {isa = PBXFileReference; fileEncoding = 4; lastKnownFileType = sourcecode.c.objc; path = SessionDetailsViewController.m; sourceTree = "<group>"; };
		0365A98F1EA401EE00A6B6A3 /* NameFormatter.h */ = {isa = PBXFileReference; fileEncoding = 4; lastKnownFileType = sourcecode.c.h; name = NameFormatter.h; path = "utility Classes/NameFormatter.h"; sourceTree = "<group>"; };
		0365A9901EA401EE00A6B6A3 /* NameFormatter.m */ = {isa = PBXFileReference; fileEncoding = 4; lastKnownFileType = sourcecode.c.objc; name = NameFormatter.m; path = "utility Classes/NameFormatter.m"; sourceTree = "<group>"; };
		313D000E55E67A5144795EC9 /* Pods-MDW-iOS.release.xcconfig */ = {isa = PBXFileReference; includeInIndex = 1; lastKnownFileType = text.xcconfig; name = "Pods-MDW-iOS.release.xcconfig"; path = "Pods/Target Support Files/Pods-MDW-iOS/Pods-MDW-iOS.release.xcconfig"; sourceTree = "<group>"; };
		3204402F86974672082D0EB9 /* Pods-MDW-iOS.debug.xcconfig */ = {isa = PBXFileReference; includeInIndex = 1; lastKnownFileType = text.xcconfig; name = "Pods-MDW-iOS.debug.xcconfig"; path = "Pods/Target Support Files/Pods-MDW-iOS/Pods-MDW-iOS.debug.xcconfig"; sourceTree = "<group>"; };
		3D11EF6796886A51818D1FAE /* libPods-MDW-iOS.a */ = {isa = PBXFileReference; explicitFileType = archive.ar; includeInIndex = 0; path = "libPods-MDW-iOS.a"; sourceTree = BUILT_PRODUCTS_DIR; };
		4C81C12F1E9FB7580076D2F4 /* loginHeader.png */ = {isa = PBXFileReference; lastKnownFileType = image.png; name = loginHeader.png; path = "MDW UI/loginHeader.png"; sourceTree = "<group>"; };
		4C81C1311E9FB7680076D2F4 /* background.png */ = {isa = PBXFileReference; lastKnownFileType = image.png; name = background.png; path = "MDW UI/background.png"; sourceTree = "<group>"; };
		4C81C1331E9FB9F20076D2F4 /* SignInViewController.h */ = {isa = PBXFileReference; fileEncoding = 4; lastKnownFileType = sourcecode.c.h; path = SignInViewController.h; sourceTree = "<group>"; };
		4C81C1341E9FB9F20076D2F4 /* SignInViewController.m */ = {isa = PBXFileReference; fileEncoding = 4; lastKnownFileType = sourcecode.c.objc; path = SignInViewController.m; sourceTree = "<group>"; };
		4C81C1381E9FDE7D0076D2F4 /* WebServiceDataFetching.h */ = {isa = PBXFileReference; fileEncoding = 4; lastKnownFileType = sourcecode.c.h; path = WebServiceDataFetching.h; sourceTree = "<group>"; };
		4C81C1391E9FDE7D0076D2F4 /* WebServiceDataFetching.m */ = {isa = PBXFileReference; fileEncoding = 4; lastKnownFileType = sourcecode.c.objc; path = WebServiceDataFetching.m; sourceTree = "<group>"; };
		4CBE19841EA1E51800C5C553 /* Statuses.h */ = {isa = PBXFileReference; fileEncoding = 4; lastKnownFileType = sourcecode.c.h; path = Statuses.h; sourceTree = "<group>"; };
		4CBE19861EA1E63A00C5C553 /* AgendaDays.h */ = {isa = PBXFileReference; fileEncoding = 4; lastKnownFileType = sourcecode.c.h; name = AgendaDays.h; path = "Type Definitions/AgendaDays.h"; sourceTree = "<group>"; };
		4CBE19871EA1E63A00C5C553 /* AgendaDays.m */ = {isa = PBXFileReference; fileEncoding = 4; lastKnownFileType = sourcecode.c.objc; name = AgendaDays.m; path = "Type Definitions/AgendaDays.m"; sourceTree = "<group>"; };
		4CBE19881EA1E63A00C5C553 /* SessionTypes.h */ = {isa = PBXFileReference; fileEncoding = 4; lastKnownFileType = sourcecode.c.h; name = SessionTypes.h; path = "Type Definitions/SessionTypes.h"; sourceTree = "<group>"; };
		4CBE19891EA1E63A00C5C553 /* SessionTypes.m */ = {isa = PBXFileReference; fileEncoding = 4; lastKnownFileType = sourcecode.c.objc; name = SessionTypes.m; path = "Type Definitions/SessionTypes.m"; sourceTree = "<group>"; };
		4CBE198C1EA1E7EF00C5C553 /* ImageDAO.h */ = {isa = PBXFileReference; fileEncoding = 4; lastKnownFileType = sourcecode.c.h; path = ImageDAO.h; sourceTree = "<group>"; };
		4CBE198D1EA1E7EF00C5C553 /* ImageDAO.m */ = {isa = PBXFileReference; fileEncoding = 4; lastKnownFileType = sourcecode.c.objc; path = ImageDAO.m; sourceTree = "<group>"; };
		4CBE198F1EA1E7FE00C5C553 /* ImageDTO.h */ = {isa = PBXFileReference; fileEncoding = 4; lastKnownFileType = sourcecode.c.h; path = ImageDTO.h; sourceTree = "<group>"; };
		4CBE19901EA1E7FE00C5C553 /* ImageDTO.m */ = {isa = PBXFileReference; fileEncoding = 4; lastKnownFileType = sourcecode.c.objc; path = ImageDTO.m; sourceTree = "<group>"; };
		4CBE19921EA1E81900C5C553 /* Attendee.h */ = {isa = PBXFileReference; fileEncoding = 4; lastKnownFileType = sourcecode.c.h; path = Attendee.h; sourceTree = "<group>"; };
		4CBE19931EA1E81900C5C553 /* Attendee.m */ = {isa = PBXFileReference; fileEncoding = 4; lastKnownFileType = sourcecode.c.objc; path = Attendee.m; sourceTree = "<group>"; };
		4CBE19951EA1E82700C5C553 /* ExhibitorDAO.h */ = {isa = PBXFileReference; fileEncoding = 4; lastKnownFileType = sourcecode.c.h; path = ExhibitorDAO.h; sourceTree = "<group>"; };
		4CBE19961EA1E82700C5C553 /* ExhibitorDAO.m */ = {isa = PBXFileReference; fileEncoding = 4; lastKnownFileType = sourcecode.c.objc; path = ExhibitorDAO.m; sourceTree = "<group>"; };
		4CBE19981EA1E83800C5C553 /* ExhibitorDTO.h */ = {isa = PBXFileReference; fileEncoding = 4; lastKnownFileType = sourcecode.c.h; path = ExhibitorDTO.h; sourceTree = "<group>"; };
		4CBE19991EA1E83800C5C553 /* ExhibitorDTO.m */ = {isa = PBXFileReference; fileEncoding = 4; lastKnownFileType = sourcecode.c.objc; path = ExhibitorDTO.m; sourceTree = "<group>"; };
		4CBE199B1EA1E84600C5C553 /* SessionDAO.h */ = {isa = PBXFileReference; fileEncoding = 4; lastKnownFileType = sourcecode.c.h; path = SessionDAO.h; sourceTree = "<group>"; };
		4CBE199C1EA1E84600C5C553 /* SessionDAO.m */ = {isa = PBXFileReference; fileEncoding = 4; lastKnownFileType = sourcecode.c.objc; path = SessionDAO.m; sourceTree = "<group>"; };
		4CBE199E1EA1E85100C5C553 /* SessionDTO.h */ = {isa = PBXFileReference; fileEncoding = 4; lastKnownFileType = sourcecode.c.h; path = SessionDTO.h; sourceTree = "<group>"; };
		4CBE199F1EA1E85100C5C553 /* SessionDTO.m */ = {isa = PBXFileReference; fileEncoding = 4; lastKnownFileType = sourcecode.c.objc; path = SessionDTO.m; sourceTree = "<group>"; };
		4CBE19A11EA1E86A00C5C553 /* SpeakerDAO.h */ = {isa = PBXFileReference; fileEncoding = 4; lastKnownFileType = sourcecode.c.h; path = SpeakerDAO.h; sourceTree = "<group>"; };
		4CBE19A21EA1E86A00C5C553 /* SpeakerDAO.m */ = {isa = PBXFileReference; fileEncoding = 4; lastKnownFileType = sourcecode.c.objc; path = SpeakerDAO.m; sourceTree = "<group>"; };
		4CBE19A41EA1E87900C5C553 /* SpeakerDTO.h */ = {isa = PBXFileReference; fileEncoding = 4; lastKnownFileType = sourcecode.c.h; path = SpeakerDTO.h; sourceTree = "<group>"; };
		4CBE19A51EA1E87900C5C553 /* SpeakerDTO.m */ = {isa = PBXFileReference; fileEncoding = 4; lastKnownFileType = sourcecode.c.objc; path = SpeakerDTO.m; sourceTree = "<group>"; };
		4CBE19A71EA1EBCB00C5C553 /* Realm.framework */ = {isa = PBXFileReference; lastKnownFileType = wrapper.framework; path = Realm.framework; sourceTree = "<group>"; };
		4CBE19AE1EA2432900C5C553 /* DateConverter.h */ = {isa = PBXFileReference; fileEncoding = 4; lastKnownFileType = sourcecode.c.h; path = DateConverter.h; sourceTree = "<group>"; };
		4CBE19AF1EA2432900C5C553 /* DateConverter.m */ = {isa = PBXFileReference; fileEncoding = 4; lastKnownFileType = sourcecode.c.objc; path = DateConverter.m; sourceTree = "<group>"; };
		4CBEEB8E1E99F11B006F848F /* ServiceURLs.h */ = {isa = PBXFileReference; fileEncoding = 4; lastKnownFileType = sourcecode.c.h; name = ServiceURLs.h; path = "utility Classes/ServiceURLs.h"; sourceTree = "<group>"; };
		4CBEEB8F1E99F11B006F848F /* ServiceURLs.m */ = {isa = PBXFileReference; fileEncoding = 4; lastKnownFileType = sourcecode.c.objc; name = ServiceURLs.m; path = "utility Classes/ServiceURLs.m"; sourceTree = "<group>"; };
		4CC2F4B31EAF81DE0078C74C /* no_sessions_home.png */ = {isa = PBXFileReference; lastKnownFileType = image.png; name = no_sessions_home.png; path = "MDW UI/no_sessions_home.png"; sourceTree = "<group>"; };
		4CC2F4B41EAF81DE0078C74C /* no_sessions_day.png */ = {isa = PBXFileReference; lastKnownFileType = image.png; name = no_sessions_day.png; path = "MDW UI/no_sessions_day.png"; sourceTree = "<group>"; };
		4CC3F83A1EA5DB060041F84E /* SharedObjects.h */ = {isa = PBXFileReference; fileEncoding = 4; lastKnownFileType = sourcecode.c.h; path = SharedObjects.h; sourceTree = "<group>"; };
		4CC3F83B1EA5DB060041F84E /* SharedObjects.m */ = {isa = PBXFileReference; fileEncoding = 4; lastKnownFileType = sourcecode.c.objc; path = SharedObjects.m; sourceTree = "<group>"; };
		4CC3F83E1EA5ED5D0041F84E /* TableReloadDelegate.h */ = {isa = PBXFileReference; fileEncoding = 4; lastKnownFileType = sourcecode.c.h; path = TableReloadDelegate.h; sourceTree = "<group>"; };
		4CC5466A1EA026DE00CA0B62 /* UIImageView+UIImageView_CashingWebImage.h */ = {isa = PBXFileReference; fileEncoding = 4; lastKnownFileType = sourcecode.c.h; path = "UIImageView+UIImageView_CashingWebImage.h"; sourceTree = "<group>"; };
		4CC5466B1EA026DE00CA0B62 /* UIImageView+UIImageView_CashingWebImage.m */ = {isa = PBXFileReference; fileEncoding = 4; lastKnownFileType = sourcecode.c.objc; path = "UIImageView+UIImageView_CashingWebImage.m"; sourceTree = "<group>"; };
		4CC7D4121EA26377000B7E70 /* breakicon.png */ = {isa = PBXFileReference; lastKnownFileType = image.png; name = breakicon.png; path = "MDW UI/breakicon.png"; sourceTree = "<group>"; };
		4CC7D4141EA2638D000B7E70 /* session.png */ = {isa = PBXFileReference; lastKnownFileType = image.png; name = session.png; path = "MDW UI/session.png"; sourceTree = "<group>"; };
		4CC7D4161EA26397000B7E70 /* hacathon.png */ = {isa = PBXFileReference; lastKnownFileType = image.png; name = hacathon.png; path = "MDW UI/hacathon.png"; sourceTree = "<group>"; };
		4CC7D4181EA263B0000B7E70 /* workshop.png */ = {isa = PBXFileReference; lastKnownFileType = image.png; name = workshop.png; path = "MDW UI/workshop.png"; sourceTree = "<group>"; };
		4CEF75941E99694500AA3E07 /* MDW-iOS.app */ = {isa = PBXFileReference; explicitFileType = wrapper.application; includeInIndex = 0; path = "MDW-iOS.app"; sourceTree = BUILT_PRODUCTS_DIR; };
		4CEF75981E99694500AA3E07 /* main.m */ = {isa = PBXFileReference; lastKnownFileType = sourcecode.c.objc; path = main.m; sourceTree = "<group>"; };
		4CEF759A1E99694500AA3E07 /* AppDelegate.h */ = {isa = PBXFileReference; lastKnownFileType = sourcecode.c.h; path = AppDelegate.h; sourceTree = "<group>"; };
		4CEF759B1E99694500AA3E07 /* AppDelegate.m */ = {isa = PBXFileReference; lastKnownFileType = sourcecode.c.objc; path = AppDelegate.m; sourceTree = "<group>"; };
		4CEF759D1E99694500AA3E07 /* ViewController.h */ = {isa = PBXFileReference; lastKnownFileType = sourcecode.c.h; path = ViewController.h; sourceTree = "<group>"; };
		4CEF759E1E99694500AA3E07 /* ViewController.m */ = {isa = PBXFileReference; lastKnownFileType = sourcecode.c.objc; path = ViewController.m; sourceTree = "<group>"; };
		4CEF75A11E99694500AA3E07 /* Base */ = {isa = PBXFileReference; lastKnownFileType = file.storyboard; name = Base; path = Base.lproj/Main.storyboard; sourceTree = "<group>"; };
		4CEF75A31E99694500AA3E07 /* Assets.xcassets */ = {isa = PBXFileReference; lastKnownFileType = folder.assetcatalog; path = Assets.xcassets; sourceTree = "<group>"; };
		4CEF75A61E99694500AA3E07 /* Base */ = {isa = PBXFileReference; lastKnownFileType = file.storyboard; name = Base; path = Base.lproj/LaunchScreen.storyboard; sourceTree = "<group>"; };
		4CEF75A81E99694500AA3E07 /* Info.plist */ = {isa = PBXFileReference; lastKnownFileType = text.plist.xml; path = Info.plist; sourceTree = "<group>"; };
		CC11504E1EA12A5800692A6E /* FirstDaySessionsAgenda.h */ = {isa = PBXFileReference; fileEncoding = 4; lastKnownFileType = sourcecode.c.h; path = FirstDaySessionsAgenda.h; sourceTree = "<group>"; };
		CC11504F1EA12A5800692A6E /* FirstDaySessionsAgenda.m */ = {isa = PBXFileReference; fileEncoding = 4; lastKnownFileType = sourcecode.c.objc; path = FirstDaySessionsAgenda.m; sourceTree = "<group>"; };
		CC1150511EA12CEA00692A6E /* SecondDaySessionsAgenda.h */ = {isa = PBXFileReference; fileEncoding = 4; lastKnownFileType = sourcecode.c.h; path = SecondDaySessionsAgenda.h; sourceTree = "<group>"; };
		CC1150521EA12CEA00692A6E /* SecondDaySessionsAgenda.m */ = {isa = PBXFileReference; fileEncoding = 4; lastKnownFileType = sourcecode.c.objc; path = SecondDaySessionsAgenda.m; sourceTree = "<group>"; };
		CC1150541EA130F700692A6E /* ThirdDaySessionsAgenda.h */ = {isa = PBXFileReference; fileEncoding = 4; lastKnownFileType = sourcecode.c.h; path = ThirdDaySessionsAgenda.h; sourceTree = "<group>"; };
		CC1150551EA130F800692A6E /* ThirdDaySessionsAgenda.m */ = {isa = PBXFileReference; fileEncoding = 4; lastKnownFileType = sourcecode.c.objc; path = ThirdDaySessionsAgenda.m; sourceTree = "<group>"; };
		CC1150571EA13FF300692A6E /* AllSessionsMyAgenda.h */ = {isa = PBXFileReference; fileEncoding = 4; lastKnownFileType = sourcecode.c.h; path = AllSessionsMyAgenda.h; sourceTree = "<group>"; };
		CC1150581EA13FF300692A6E /* AllSessionsMyAgenda.m */ = {isa = PBXFileReference; fileEncoding = 4; lastKnownFileType = sourcecode.c.objc; path = AllSessionsMyAgenda.m; sourceTree = "<group>"; };
		CC11505A1EA142BF00692A6E /* FirstDaySessionsMyAgenda.h */ = {isa = PBXFileReference; fileEncoding = 4; lastKnownFileType = sourcecode.c.h; path = FirstDaySessionsMyAgenda.h; sourceTree = "<group>"; };
		CC11505B1EA142BF00692A6E /* FirstDaySessionsMyAgenda.m */ = {isa = PBXFileReference; fileEncoding = 4; lastKnownFileType = sourcecode.c.objc; path = FirstDaySessionsMyAgenda.m; sourceTree = "<group>"; };
		CC11505D1EA1447300692A6E /* SecondDaySessionsMyAgenda.h */ = {isa = PBXFileReference; fileEncoding = 4; lastKnownFileType = sourcecode.c.h; path = SecondDaySessionsMyAgenda.h; sourceTree = "<group>"; };
		CC11505E1EA1447300692A6E /* SecondDaySessionsMyAgenda.m */ = {isa = PBXFileReference; fileEncoding = 4; lastKnownFileType = sourcecode.c.objc; path = SecondDaySessionsMyAgenda.m; sourceTree = "<group>"; };
		CC1150601EA147B600692A6E /* ThirdDaySessionsMyAgenda.h */ = {isa = PBXFileReference; fileEncoding = 4; lastKnownFileType = sourcecode.c.h; path = ThirdDaySessionsMyAgenda.h; sourceTree = "<group>"; };
		CC1150611EA147B600692A6E /* ThirdDaySessionsMyAgenda.m */ = {isa = PBXFileReference; fileEncoding = 4; lastKnownFileType = sourcecode.c.objc; path = ThirdDaySessionsMyAgenda.m; sourceTree = "<group>"; };
		CC237F441EA5067B00499446 /* Exhibitors.h */ = {isa = PBXFileReference; fileEncoding = 4; lastKnownFileType = sourcecode.c.h; path = Exhibitors.h; sourceTree = "<group>"; };
		CC237F451EA5067B00499446 /* Exhibitors.m */ = {isa = PBXFileReference; fileEncoding = 4; lastKnownFileType = sourcecode.c.objc; path = Exhibitors.m; sourceTree = "<group>"; };
		CC237F471EA510FE00499446 /* ProfileBarViewController.h */ = {isa = PBXFileReference; fileEncoding = 4; lastKnownFileType = sourcecode.c.h; path = ProfileBarViewController.h; sourceTree = "<group>"; };
		CC237F481EA510FE00499446 /* ProfileBarViewController.m */ = {isa = PBXFileReference; fileEncoding = 4; lastKnownFileType = sourcecode.c.objc; path = ProfileBarViewController.m; sourceTree = "<group>"; };
		CC237F4A1EA5157300499446 /* InfoProfileViewController.h */ = {isa = PBXFileReference; fileEncoding = 4; lastKnownFileType = sourcecode.c.h; path = InfoProfileViewController.h; sourceTree = "<group>"; };
		CC237F4B1EA5157300499446 /* InfoProfileViewController.m */ = {isa = PBXFileReference; fileEncoding = 4; lastKnownFileType = sourcecode.c.objc; path = InfoProfileViewController.m; sourceTree = "<group>"; };
		CC237F4D1EA5279800499446 /* Tickets.h */ = {isa = PBXFileReference; fileEncoding = 4; lastKnownFileType = sourcecode.c.h; path = Tickets.h; sourceTree = "<group>"; };
		CC237F4E1EA5279800499446 /* Tickets.m */ = {isa = PBXFileReference; fileEncoding = 4; lastKnownFileType = sourcecode.c.objc; path = Tickets.m; sourceTree = "<group>"; };
		CC237F501EA53A4A00499446 /* MyContatct.h */ = {isa = PBXFileReference; fileEncoding = 4; lastKnownFileType = sourcecode.c.h; path = MyContatct.h; sourceTree = "<group>"; };
		CC237F511EA53A4A00499446 /* MyContatct.m */ = {isa = PBXFileReference; fileEncoding = 4; lastKnownFileType = sourcecode.c.objc; path = MyContatct.m; sourceTree = "<group>"; };
		CC5352401E9F3C0800F18F37 /* HomeViewController.h */ = {isa = PBXFileReference; fileEncoding = 4; lastKnownFileType = sourcecode.c.h; path = HomeViewController.h; sourceTree = "<group>"; };
		CC5352411E9F3C0800F18F37 /* HomeViewController.m */ = {isa = PBXFileReference; fileEncoding = 4; lastKnownFileType = sourcecode.c.objc; path = HomeViewController.m; sourceTree = "<group>"; };
		CC5352431E9F3D1A00F18F37 /* SideBarListViewController.h */ = {isa = PBXFileReference; fileEncoding = 4; lastKnownFileType = sourcecode.c.h; path = SideBarListViewController.h; sourceTree = "<group>"; };
		CC5352441E9F3D1A00F18F37 /* SideBarListViewController.m */ = {isa = PBXFileReference; fileEncoding = 4; lastKnownFileType = sourcecode.c.objc; path = SideBarListViewController.m; sourceTree = "<group>"; };
		CC5352461E9F64DB00F18F37 /* MyAgendaBarController.h */ = {isa = PBXFileReference; fileEncoding = 4; lastKnownFileType = sourcecode.c.h; path = MyAgendaBarController.h; sourceTree = "<group>"; };
		CC5352471E9F64DB00F18F37 /* MyAgendaBarController.m */ = {isa = PBXFileReference; fileEncoding = 4; lastKnownFileType = sourcecode.c.objc; path = MyAgendaBarController.m; sourceTree = "<group>"; };
		CC5352881EA11B5900F18F37 /* AllSessionsAgenda.h */ = {isa = PBXFileReference; fileEncoding = 4; lastKnownFileType = sourcecode.c.h; path = AllSessionsAgenda.h; sourceTree = "<group>"; };
		CC5352891EA11B5900F18F37 /* AllSessionsAgenda.m */ = {isa = PBXFileReference; fileEncoding = 4; lastKnownFileType = sourcecode.c.objc; path = AllSessionsAgenda.m; sourceTree = "<group>"; };
		CC64A9CB1E9F1DB80058EB6A /* agenda.png */ = {isa = PBXFileReference; lastKnownFileType = image.png; path = agenda.png; sourceTree = "<group>"; };
		CC64A9CC1E9F1DB80058EB6A /* allDays.png */ = {isa = PBXFileReference; lastKnownFileType = image.png; path = allDays.png; sourceTree = "<group>"; };
		CC64A9CD1E9F1DB80058EB6A /* background.png */ = {isa = PBXFileReference; lastKnownFileType = image.png; path = background.png; sourceTree = "<group>"; };
		CC64A9CE1E9F1DB80058EB6A /* breakicon.png */ = {isa = PBXFileReference; lastKnownFileType = image.png; path = breakicon.png; sourceTree = "<group>"; };
		CC64A9CF1E9F1DB80058EB6A /* calender.png */ = {isa = PBXFileReference; lastKnownFileType = image.png; path = calender.png; sourceTree = "<group>"; };
		CC64A9D01E9F1DB80058EB6A /* contact.png */ = {isa = PBXFileReference; lastKnownFileType = image.png; path = contact.png; sourceTree = "<group>"; };
		CC64A9D11E9F1DB80058EB6A /* emailIcon.png */ = {isa = PBXFileReference; lastKnownFileType = image.png; path = emailIcon.png; sourceTree = "<group>"; };
		CC64A9D21E9F1DB80058EB6A /* exihiptors.png */ = {isa = PBXFileReference; lastKnownFileType = image.png; path = exihiptors.png; sourceTree = "<group>"; };
		CC64A9D31E9F1DB80058EB6A /* firstDay.png */ = {isa = PBXFileReference; lastKnownFileType = image.png; path = firstDay.png; sourceTree = "<group>"; };
		CC64A9D41E9F1DB80058EB6A /* footer.png */ = {isa = PBXFileReference; lastKnownFileType = image.png; path = footer.png; sourceTree = "<group>"; };
		CC64A9D51E9F1DB80058EB6A /* hacathon.png */ = {isa = PBXFileReference; lastKnownFileType = image.png; path = hacathon.png; sourceTree = "<group>"; };
		CC64A9D61E9F1DB80058EB6A /* Icon-40 2.png */ = {isa = PBXFileReference; lastKnownFileType = image.png; path = "Icon-40 2.png"; sourceTree = "<group>"; };
		CC64A9D71E9F1DB80058EB6A /* Icon-40 3.png */ = {isa = PBXFileReference; lastKnownFileType = image.png; path = "Icon-40 3.png"; sourceTree = "<group>"; };
		CC64A9D81E9F1DB80058EB6A /* Icon-40.png */ = {isa = PBXFileReference; lastKnownFileType = image.png; path = "Icon-40.png"; sourceTree = "<group>"; };
		CC64A9D91E9F1DB80058EB6A /* Icon-40@2x 2.png */ = {isa = PBXFileReference; lastKnownFileType = image.png; path = "Icon-40@2x 2.png"; sourceTree = "<group>"; };
		CC64A9DA1E9F1DB80058EB6A /* Icon-40@2x 3.png */ = {isa = PBXFileReference; lastKnownFileType = image.png; path = "Icon-40@2x 3.png"; sourceTree = "<group>"; };
		CC64A9DB1E9F1DB80058EB6A /* Icon-40@2x.png */ = {isa = PBXFileReference; lastKnownFileType = image.png; path = "Icon-40@2x.png"; sourceTree = "<group>"; };
		CC64A9DC1E9F1DB80058EB6A /* Icon-40@3x 2.png */ = {isa = PBXFileReference; lastKnownFileType = image.png; path = "Icon-40@3x 2.png"; sourceTree = "<group>"; };
		CC64A9DD1E9F1DB80058EB6A /* Icon-40@3x 3.png */ = {isa = PBXFileReference; lastKnownFileType = image.png; path = "Icon-40@3x 3.png"; sourceTree = "<group>"; };
		CC64A9DE1E9F1DB80058EB6A /* Icon-40@3x.png */ = {isa = PBXFileReference; lastKnownFileType = image.png; path = "Icon-40@3x.png"; sourceTree = "<group>"; };
		CC64A9DF1E9F1DB80058EB6A /* Icon-60@2x 2.png */ = {isa = PBXFileReference; lastKnownFileType = image.png; path = "Icon-60@2x 2.png"; sourceTree = "<group>"; };
		CC64A9E01E9F1DB80058EB6A /* Icon-60@2x.png */ = {isa = PBXFileReference; lastKnownFileType = image.png; path = "Icon-60@2x.png"; sourceTree = "<group>"; };
		CC64A9E11E9F1DB80058EB6A /* Icon-60@3x 2.png */ = {isa = PBXFileReference; lastKnownFileType = image.png; path = "Icon-60@3x 2.png"; sourceTree = "<group>"; };
		CC64A9E21E9F1DB80058EB6A /* Icon-60@3x.png */ = {isa = PBXFileReference; lastKnownFileType = image.png; path = "Icon-60@3x.png"; sourceTree = "<group>"; };
		CC64A9E31E9F1DB80058EB6A /* Icon-76 2.png */ = {isa = PBXFileReference; lastKnownFileType = image.png; path = "Icon-76 2.png"; sourceTree = "<group>"; };
		CC64A9E41E9F1DB80058EB6A /* Icon-76.png */ = {isa = PBXFileReference; lastKnownFileType = image.png; path = "Icon-76.png"; sourceTree = "<group>"; };
		CC64A9E51E9F1DB80058EB6A /* Icon-76@2x 2.png */ = {isa = PBXFileReference; lastKnownFileType = image.png; path = "Icon-76@2x 2.png"; sourceTree = "<group>"; };
		CC64A9E61E9F1DB80058EB6A /* Icon-76@2x.png */ = {isa = PBXFileReference; lastKnownFileType = image.png; path = "Icon-76@2x.png"; sourceTree = "<group>"; };
		CC64A9E71E9F1DB80058EB6A /* Icon-83.5@2x 2.png */ = {isa = PBXFileReference; lastKnownFileType = image.png; path = "Icon-83.5@2x 2.png"; sourceTree = "<group>"; };
		CC64A9E81E9F1DB80058EB6A /* Icon-83.5@2x.png */ = {isa = PBXFileReference; lastKnownFileType = image.png; path = "Icon-83.5@2x.png"; sourceTree = "<group>"; };
		CC64A9E91E9F1DB80058EB6A /* Icon-Small 2.png */ = {isa = PBXFileReference; lastKnownFileType = image.png; path = "Icon-Small 2.png"; sourceTree = "<group>"; };
		CC64A9EA1E9F1DB80058EB6A /* Icon-Small.png */ = {isa = PBXFileReference; lastKnownFileType = image.png; path = "Icon-Small.png"; sourceTree = "<group>"; };
		CC64A9EB1E9F1DB80058EB6A /* Icon-Small@2x 2.png */ = {isa = PBXFileReference; lastKnownFileType = image.png; path = "Icon-Small@2x 2.png"; sourceTree = "<group>"; };
		CC64A9EC1E9F1DB80058EB6A /* Icon-Small@2x.png */ = {isa = PBXFileReference; lastKnownFileType = image.png; path = "Icon-Small@2x.png"; sourceTree = "<group>"; };
		CC64A9ED1E9F1DB80058EB6A /* Icon-Small@3x 2.png */ = {isa = PBXFileReference; lastKnownFileType = image.png; path = "Icon-Small@3x 2.png"; sourceTree = "<group>"; };
		CC64A9EE1E9F1DB80058EB6A /* Icon-Small@3x.png */ = {isa = PBXFileReference; lastKnownFileType = image.png; path = "Icon-Small@3x.png"; sourceTree = "<group>"; };
		CC64A9EF1E9F1DB80058EB6A /* info.png */ = {isa = PBXFileReference; lastKnownFileType = image.png; path = info.png; sourceTree = "<group>"; };
		CC64A9F01E9F1DB80058EB6A /* jetsmoblab.PNG */ = {isa = PBXFileReference; lastKnownFileType = image.png; path = jetsmoblab.PNG; sourceTree = "<group>"; };
		CC64A9F11E9F1DB80058EB6A /* leftSideMenuBackground.png */ = {isa = PBXFileReference; lastKnownFileType = image.png; path = leftSideMenuBackground.png; sourceTree = "<group>"; };
		CC64A9F21E9F1DB80058EB6A /* leftSideMenuHeader.png */ = {isa = PBXFileReference; lastKnownFileType = image.png; path = leftSideMenuHeader.png; sourceTree = "<group>"; };
		CC64A9F31E9F1DB80058EB6A /* location.png */ = {isa = PBXFileReference; lastKnownFileType = image.png; path = location.png; sourceTree = "<group>"; };
		CC64A9F41E9F1DB80058EB6A /* loginButton.png */ = {isa = PBXFileReference; lastKnownFileType = image.png; path = loginButton.png; sourceTree = "<group>"; };
		CC64A9F51E9F1DB80058EB6A /* loginHeader.png */ = {isa = PBXFileReference; lastKnownFileType = image.png; path = loginHeader.png; sourceTree = "<group>"; };
		CC64A9F61E9F1DB80058EB6A /* loginTextBoxsBackGround.png */ = {isa = PBXFileReference; lastKnownFileType = image.png; path = loginTextBoxsBackGround.png; sourceTree = "<group>"; };
		CC64A9F71E9F1DB80058EB6A /* logo.png */ = {isa = PBXFileReference; lastKnownFileType = image.png; path = logo.png; sourceTree = "<group>"; };
		CC64A9F81E9F1DB80058EB6A /* logo1.png */ = {isa = PBXFileReference; lastKnownFileType = image.png; path = logo1.png; sourceTree = "<group>"; };
		CC64A9F91E9F1DB80058EB6A /* logout.png */ = {isa = PBXFileReference; lastKnownFileType = image.png; path = logout.png; sourceTree = "<group>"; };
		CC64A9FA1E9F1DB80058EB6A /* MDW 2016 Mobile APP150-47.png */ = {isa = PBXFileReference; lastKnownFileType = image.png; path = "MDW 2016 Mobile APP150-47.png"; sourceTree = "<group>"; };
		CC64A9FB1E9F1DB80058EB6A /* myagenda.png */ = {isa = PBXFileReference; lastKnownFileType = image.png; path = myagenda.png; sourceTree = "<group>"; };
		CC64A9FC1E9F1DB80058EB6A /* myContactBackground.png */ = {isa = PBXFileReference; lastKnownFileType = image.png; path = myContactBackground.png; sourceTree = "<group>"; };
		CC64A9FD1E9F1DB80058EB6A /* myTicketBackground.png */ = {isa = PBXFileReference; lastKnownFileType = image.png; path = myTicketBackground.png; sourceTree = "<group>"; };
		CC64A9FE1E9F1DB90058EB6A /* phoneIcon.png */ = {isa = PBXFileReference; lastKnownFileType = image.png; path = phoneIcon.png; sourceTree = "<group>"; };
		CC64A9FF1E9F1DB90058EB6A /* profile.png */ = {isa = PBXFileReference; lastKnownFileType = image.png; path = profile.png; sourceTree = "<group>"; };
		CC64AA001E9F1DB90058EB6A /* qr.png */ = {isa = PBXFileReference; lastKnownFileType = image.png; path = qr.png; sourceTree = "<group>"; };
		CC64AA011E9F1DB90058EB6A /* reveal-icon.png */ = {isa = PBXFileReference; lastKnownFileType = image.png; path = "reveal-icon.png"; sourceTree = "<group>"; };
		CC64AA021E9F1DB90058EB6A /* secondDay.png */ = {isa = PBXFileReference; lastKnownFileType = image.png; path = secondDay.png; sourceTree = "<group>"; };
		CC64AA031E9F1DB90058EB6A /* session.png */ = {isa = PBXFileReference; lastKnownFileType = image.png; path = session.png; sourceTree = "<group>"; };
		CC64AA041E9F1DB90058EB6A /* sessionapproved.png */ = {isa = PBXFileReference; lastKnownFileType = image.png; path = sessionapproved.png; sourceTree = "<group>"; };
		CC64AA051E9F1DB90058EB6A /* sessionnotadded.png */ = {isa = PBXFileReference; lastKnownFileType = image.png; path = sessionnotadded.png; sourceTree = "<group>"; };
		CC64AA061E9F1DB90058EB6A /* sessionpending.png */ = {isa = PBXFileReference; lastKnownFileType = image.png; path = sessionpending.png; sourceTree = "<group>"; };
		CC64AA071E9F1DB90058EB6A /* sideMenuBackGround.png */ = {isa = PBXFileReference; lastKnownFileType = image.png; path = sideMenuBackGround.png; sourceTree = "<group>"; };
		CC64AA081E9F1DB90058EB6A /* speaker.png */ = {isa = PBXFileReference; lastKnownFileType = image.png; path = speaker.png; sourceTree = "<group>"; };
		CC64AA091E9F1DB90058EB6A /* splash (2).png */ = {isa = PBXFileReference; lastKnownFileType = image.png; path = "splash (2).png"; sourceTree = "<group>"; };
		CC64AA0A1E9F1DB90058EB6A /* splash.png */ = {isa = PBXFileReference; lastKnownFileType = image.png; path = splash.png; sourceTree = "<group>"; };
		CC64AA0B1E9F1DB90058EB6A /* star.png */ = {isa = PBXFileReference; lastKnownFileType = image.png; path = star.png; sourceTree = "<group>"; };
		CC64AA0C1E9F1DB90058EB6A /* starclicked.png */ = {isa = PBXFileReference; lastKnownFileType = image.png; path = starclicked.png; sourceTree = "<group>"; };
		CC64AA0D1E9F1DB90058EB6A /* thirdDay.png */ = {isa = PBXFileReference; lastKnownFileType = image.png; path = thirdDay.png; sourceTree = "<group>"; };
		CC64AA0E1E9F1DB90058EB6A /* ticket.png */ = {isa = PBXFileReference; lastKnownFileType = image.png; path = ticket.png; sourceTree = "<group>"; };
		CC64AA0F1E9F1DB90058EB6A /* workshop.png */ = {isa = PBXFileReference; lastKnownFileType = image.png; path = workshop.png; sourceTree = "<group>"; };
		CC74FAB31EA36A210067C73A /* SpeakrsList.h */ = {isa = PBXFileReference; fileEncoding = 4; lastKnownFileType = sourcecode.c.h; path = SpeakrsList.h; sourceTree = "<group>"; };
		CC74FAB41EA36A210067C73A /* SpeakrsList.m */ = {isa = PBXFileReference; fileEncoding = 4; lastKnownFileType = sourcecode.c.objc; path = SpeakrsList.m; sourceTree = "<group>"; };
		CC7E39471E9E6349002EE671 /* SWRevealViewController.h */ = {isa = PBXFileReference; fileEncoding = 4; lastKnownFileType = sourcecode.c.h; path = SWRevealViewController.h; sourceTree = "<group>"; };
		CC7E39481E9E6349002EE671 /* SWRevealViewController.m */ = {isa = PBXFileReference; fileEncoding = 4; lastKnownFileType = sourcecode.c.objc; path = SWRevealViewController.m; sourceTree = "<group>"; };
/* End PBXFileReference section */

/* Begin PBXFrameworksBuildPhase section */
		4CEF75911E99694500AA3E07 /* Frameworks */ = {
			isa = PBXFrameworksBuildPhase;
			buildActionMask = 2147483647;
			files = (
				4CBE19AB1EA22B7900C5C553 /* Realm.framework in Frameworks */,
				EC3AC7F7B5922D3846D3E198 /* libPods-MDW-iOS.a in Frameworks */,
			);
			runOnlyForDeploymentPostprocessing = 0;
		};
/* End PBXFrameworksBuildPhase section */

/* Begin PBXGroup section */
		4C81C0FB1E9F86430076D2F4 /* DataBase */ = {
			isa = PBXGroup;
			children = (
				4CBE19921EA1E81900C5C553 /* Attendee.h */,
				4CBE19931EA1E81900C5C553 /* Attendee.m */,
				4C81C0FD1E9F86730076D2F4 /* DAOs */,
				4C81C0FC1E9F86630076D2F4 /* DTOs */,
			);
			name = DataBase;
			sourceTree = "<group>";
		};
		4C81C0FC1E9F86630076D2F4 /* DTOs */ = {
			isa = PBXGroup;
			children = (
				4CBE19981EA1E83800C5C553 /* ExhibitorDTO.h */,
				4CBE19991EA1E83800C5C553 /* ExhibitorDTO.m */,
				4CBE199E1EA1E85100C5C553 /* SessionDTO.h */,
				4CBE199F1EA1E85100C5C553 /* SessionDTO.m */,
				4CBE198F1EA1E7FE00C5C553 /* ImageDTO.h */,
				4CBE19901EA1E7FE00C5C553 /* ImageDTO.m */,
				4CBE19A41EA1E87900C5C553 /* SpeakerDTO.h */,
				4CBE19A51EA1E87900C5C553 /* SpeakerDTO.m */,
			);
			name = DTOs;
			sourceTree = "<group>";
		};
		4C81C0FD1E9F86730076D2F4 /* DAOs */ = {
			isa = PBXGroup;
			children = (
				4CBE198C1EA1E7EF00C5C553 /* ImageDAO.h */,
				4CBE198D1EA1E7EF00C5C553 /* ImageDAO.m */,
				4CBE19951EA1E82700C5C553 /* ExhibitorDAO.h */,
				4CBE19961EA1E82700C5C553 /* ExhibitorDAO.m */,
				4CBE199B1EA1E84600C5C553 /* SessionDAO.h */,
				4CBE199C1EA1E84600C5C553 /* SessionDAO.m */,
				4CBE19A11EA1E86A00C5C553 /* SpeakerDAO.h */,
				4CBE19A21EA1E86A00C5C553 /* SpeakerDAO.m */,
			);
			name = DAOs;
			sourceTree = "<group>";
		};
		4C81C1261E9FB3590076D2F4 /* ViewControllers */ = {
			isa = PBXGroup;
			children = (
				4CEF759D1E99694500AA3E07 /* ViewController.h */,
				4CEF759E1E99694500AA3E07 /* ViewController.m */,
				CC5352431E9F3D1A00F18F37 /* SideBarListViewController.h */,
				CC5352441E9F3D1A00F18F37 /* SideBarListViewController.m */,
				CC5352401E9F3C0800F18F37 /* HomeViewController.h */,
				CC5352411E9F3C0800F18F37 /* HomeViewController.m */,
				CC5352461E9F64DB00F18F37 /* MyAgendaBarController.h */,
				CC5352471E9F64DB00F18F37 /* MyAgendaBarController.m */,
				4C81C1331E9FB9F20076D2F4 /* SignInViewController.h */,
				4C81C1341E9FB9F20076D2F4 /* SignInViewController.m */,
				CC5352881EA11B5900F18F37 /* AllSessionsAgenda.h */,
				CC5352891EA11B5900F18F37 /* AllSessionsAgenda.m */,
				CC11504E1EA12A5800692A6E /* FirstDaySessionsAgenda.h */,
				CC11504F1EA12A5800692A6E /* FirstDaySessionsAgenda.m */,
				CC1150511EA12CEA00692A6E /* SecondDaySessionsAgenda.h */,
				CC1150521EA12CEA00692A6E /* SecondDaySessionsAgenda.m */,
				CC1150541EA130F700692A6E /* ThirdDaySessionsAgenda.h */,
				CC1150551EA130F800692A6E /* ThirdDaySessionsAgenda.m */,
				CC1150571EA13FF300692A6E /* AllSessionsMyAgenda.h */,
				CC1150581EA13FF300692A6E /* AllSessionsMyAgenda.m */,
				CC11505A1EA142BF00692A6E /* FirstDaySessionsMyAgenda.h */,
				CC11505B1EA142BF00692A6E /* FirstDaySessionsMyAgenda.m */,
				CC11505D1EA1447300692A6E /* SecondDaySessionsMyAgenda.h */,
				CC11505E1EA1447300692A6E /* SecondDaySessionsMyAgenda.m */,
				CC1150601EA147B600692A6E /* ThirdDaySessionsMyAgenda.h */,
				CC1150611EA147B600692A6E /* ThirdDaySessionsMyAgenda.m */,
				CC74FAB31EA36A210067C73A /* SpeakrsList.h */,
				CC74FAB41EA36A210067C73A /* SpeakrsList.m */,
				0365A98C1EA39AE500A6B6A3 /* SessionDetailsViewController.h */,
				0365A98D1EA39AE500A6B6A3 /* SessionDetailsViewController.m */,
				CC237F441EA5067B00499446 /* Exhibitors.h */,
				CC237F451EA5067B00499446 /* Exhibitors.m */,
				CC237F471EA510FE00499446 /* ProfileBarViewController.h */,
				CC237F481EA510FE00499446 /* ProfileBarViewController.m */,
				CC237F4A1EA5157300499446 /* InfoProfileViewController.h */,
				CC237F4B1EA5157300499446 /* InfoProfileViewController.m */,
				CC237F4D1EA5279800499446 /* Tickets.h */,
				CC237F4E1EA5279800499446 /* Tickets.m */,
				CC237F501EA53A4A00499446 /* MyContatct.h */,
				CC237F511EA53A4A00499446 /* MyContatct.m */,
				030461561EAA9E700013097C /* SpeakerDetailsViewController.h */,
				030461571EAA9E700013097C /* SpeakerDetailsViewController.m */,
			);
			name = ViewControllers;
			sourceTree = "<group>";
		};
		4C81C1271E9FB67C0076D2F4 /* images */ = {
			isa = PBXGroup;
			children = (
				4CC7D40D1EA262AC000B7E70 /* agenda_icons */,
				4C81C1281E9FB6890076D2F4 /* signInView */,
			);
			name = images;
			sourceTree = "<group>";
		};
		4C81C1281E9FB6890076D2F4 /* signInView */ = {
			isa = PBXGroup;
			children = (
				031558181EA240C200C6EB14 /* fields_background.png */,
				4C81C1311E9FB7680076D2F4 /* background.png */,
				4C81C12F1E9FB7580076D2F4 /* loginHeader.png */,
			);
			name = signInView;
			sourceTree = "<group>";
		};
		4CBE19851EA1E62A00C5C553 /* typeDefinitions */ = {
			isa = PBXGroup;
			children = (
				4CBE19861EA1E63A00C5C553 /* AgendaDays.h */,
				4CBE19871EA1E63A00C5C553 /* AgendaDays.m */,
				4CBE19881EA1E63A00C5C553 /* SessionTypes.h */,
				4CBE19891EA1E63A00C5C553 /* SessionTypes.m */,
			);
			name = typeDefinitions;
			sourceTree = "<group>";
		};
		4CBEEB8D1E99F0A5006F848F /* Utility Classes */ = {
			isa = PBXGroup;
			children = (
				4CC3F83A1EA5DB060041F84E /* SharedObjects.h */,
				4CC3F83B1EA5DB060041F84E /* SharedObjects.m */,
				4CBEEB8E1E99F11B006F848F /* ServiceURLs.h */,
				4CBEEB8F1E99F11B006F848F /* ServiceURLs.m */,
				4C81C1381E9FDE7D0076D2F4 /* WebServiceDataFetching.h */,
				4C81C1391E9FDE7D0076D2F4 /* WebServiceDataFetching.m */,
				4CC5466A1EA026DE00CA0B62 /* UIImageView+UIImageView_CashingWebImage.h */,
				4CC5466B1EA026DE00CA0B62 /* UIImageView+UIImageView_CashingWebImage.m */,
				4CBE19AE1EA2432900C5C553 /* DateConverter.h */,
				4CBE19AF1EA2432900C5C553 /* DateConverter.m */,
				0365A98F1EA401EE00A6B6A3 /* NameFormatter.h */,
				0365A9901EA401EE00A6B6A3 /* NameFormatter.m */,
				4CC3F83E1EA5ED5D0041F84E /* TableReloadDelegate.h */,
			);
			name = "Utility Classes";
			sourceTree = "<group>";
		};
		4CC7D40D1EA262AC000B7E70 /* agenda_icons */ = {
			isa = PBXGroup;
			children = (
				4CC2F4B31EAF81DE0078C74C /* no_sessions_home.png */,
				4CC2F4B41EAF81DE0078C74C /* no_sessions_day.png */,
				4CC7D4121EA26377000B7E70 /* breakicon.png */,
				4CC7D4141EA2638D000B7E70 /* session.png */,
				4CC7D4161EA26397000B7E70 /* hacathon.png */,
				4CC7D4181EA263B0000B7E70 /* workshop.png */,
			);
			name = agenda_icons;
			sourceTree = "<group>";
		};
		4CEF758B1E99694500AA3E07 = {
			isa = PBXGroup;
			children = (
				4CBE19A71EA1EBCB00C5C553 /* Realm.framework */,
				4CEF75961E99694500AA3E07 /* MDW-iOS */,
				4CEF75951E99694500AA3E07 /* Products */,
				9324549A60E9F58A7CD8F33A /* Pods */,
				EF6935FC7FAB03277AD4CA3A /* Frameworks */,
			);
			sourceTree = "<group>";
		};
		4CEF75951E99694500AA3E07 /* Products */ = {
			isa = PBXGroup;
			children = (
				4CEF75941E99694500AA3E07 /* MDW-iOS.app */,
			);
			name = Products;
			sourceTree = "<group>";
		};
		4CEF75961E99694500AA3E07 /* MDW-iOS */ = {
			isa = PBXGroup;
			children = (
				4CBE19841EA1E51800C5C553 /* Statuses.h */,
				4CBE19851EA1E62A00C5C553 /* typeDefinitions */,
				4C81C1271E9FB67C0076D2F4 /* images */,
				4C81C0FB1E9F86430076D2F4 /* DataBase */,
				4CBEEB8D1E99F0A5006F848F /* Utility Classes */,
				4C81C1261E9FB3590076D2F4 /* ViewControllers */,
				4CEF759A1E99694500AA3E07 /* AppDelegate.h */,
				4CEF759B1E99694500AA3E07 /* AppDelegate.m */,
				4CEF75A01E99694500AA3E07 /* Main.storyboard */,
				4CEF75A31E99694500AA3E07 /* Assets.xcassets */,
				4CEF75A51E99694500AA3E07 /* LaunchScreen.storyboard */,
				4CEF75A81E99694500AA3E07 /* Info.plist */,
				4CEF75971E99694500AA3E07 /* Supporting Files */,
			);
			path = "MDW-iOS";
			sourceTree = "<group>";
		};
		4CEF75971E99694500AA3E07 /* Supporting Files */ = {
			isa = PBXGroup;
			children = (
				CC64A9CA1E9F1DB80058EB6A /* MDW UI */,
				CC7E39471E9E6349002EE671 /* SWRevealViewController.h */,
				CC7E39481E9E6349002EE671 /* SWRevealViewController.m */,
				4CEF75981E99694500AA3E07 /* main.m */,
			);
			name = "Supporting Files";
			sourceTree = "<group>";
		};
		9324549A60E9F58A7CD8F33A /* Pods */ = {
			isa = PBXGroup;
			children = (
				3204402F86974672082D0EB9 /* Pods-MDW-iOS.debug.xcconfig */,
				313D000E55E67A5144795EC9 /* Pods-MDW-iOS.release.xcconfig */,
			);
			name = Pods;
			sourceTree = "<group>";
		};
		CC64A9CA1E9F1DB80058EB6A /* MDW UI */ = {
			isa = PBXGroup;
			children = (
				CC64A9CB1E9F1DB80058EB6A /* agenda.png */,
				CC64A9CC1E9F1DB80058EB6A /* allDays.png */,
				CC64A9CD1E9F1DB80058EB6A /* background.png */,
				CC64A9CE1E9F1DB80058EB6A /* breakicon.png */,
				CC64A9CF1E9F1DB80058EB6A /* calender.png */,
				CC64A9D01E9F1DB80058EB6A /* contact.png */,
				CC64A9D11E9F1DB80058EB6A /* emailIcon.png */,
				CC64A9D21E9F1DB80058EB6A /* exihiptors.png */,
				CC64A9D31E9F1DB80058EB6A /* firstDay.png */,
				CC64A9D41E9F1DB80058EB6A /* footer.png */,
				CC64A9D51E9F1DB80058EB6A /* hacathon.png */,
				CC64A9D61E9F1DB80058EB6A /* Icon-40 2.png */,
				CC64A9D71E9F1DB80058EB6A /* Icon-40 3.png */,
				CC64A9D81E9F1DB80058EB6A /* Icon-40.png */,
				CC64A9D91E9F1DB80058EB6A /* Icon-40@2x 2.png */,
				CC64A9DA1E9F1DB80058EB6A /* Icon-40@2x 3.png */,
				CC64A9DB1E9F1DB80058EB6A /* Icon-40@2x.png */,
				CC64A9DC1E9F1DB80058EB6A /* Icon-40@3x 2.png */,
				CC64A9DD1E9F1DB80058EB6A /* Icon-40@3x 3.png */,
				CC64A9DE1E9F1DB80058EB6A /* Icon-40@3x.png */,
				CC64A9DF1E9F1DB80058EB6A /* Icon-60@2x 2.png */,
				CC64A9E01E9F1DB80058EB6A /* Icon-60@2x.png */,
				CC64A9E11E9F1DB80058EB6A /* Icon-60@3x 2.png */,
				CC64A9E21E9F1DB80058EB6A /* Icon-60@3x.png */,
				CC64A9E31E9F1DB80058EB6A /* Icon-76 2.png */,
				CC64A9E41E9F1DB80058EB6A /* Icon-76.png */,
				CC64A9E51E9F1DB80058EB6A /* Icon-76@2x 2.png */,
				CC64A9E61E9F1DB80058EB6A /* Icon-76@2x.png */,
				CC64A9E71E9F1DB80058EB6A /* Icon-83.5@2x 2.png */,
				CC64A9E81E9F1DB80058EB6A /* Icon-83.5@2x.png */,
				CC64A9E91E9F1DB80058EB6A /* Icon-Small 2.png */,
				CC64A9EA1E9F1DB80058EB6A /* Icon-Small.png */,
				CC64A9EB1E9F1DB80058EB6A /* Icon-Small@2x 2.png */,
				CC64A9EC1E9F1DB80058EB6A /* Icon-Small@2x.png */,
				CC64A9ED1E9F1DB80058EB6A /* Icon-Small@3x 2.png */,
				CC64A9EE1E9F1DB80058EB6A /* Icon-Small@3x.png */,
				CC64A9EF1E9F1DB80058EB6A /* info.png */,
				CC64A9F01E9F1DB80058EB6A /* jetsmoblab.PNG */,
				CC64A9F11E9F1DB80058EB6A /* leftSideMenuBackground.png */,
				CC64A9F21E9F1DB80058EB6A /* leftSideMenuHeader.png */,
				CC64A9F31E9F1DB80058EB6A /* location.png */,
				CC64A9F41E9F1DB80058EB6A /* loginButton.png */,
				CC64A9F51E9F1DB80058EB6A /* loginHeader.png */,
				CC64A9F61E9F1DB80058EB6A /* loginTextBoxsBackGround.png */,
				CC64A9F71E9F1DB80058EB6A /* logo.png */,
				CC64A9F81E9F1DB80058EB6A /* logo1.png */,
				CC64A9F91E9F1DB80058EB6A /* logout.png */,
				CC64A9FA1E9F1DB80058EB6A /* MDW 2016 Mobile APP150-47.png */,
				CC64A9FB1E9F1DB80058EB6A /* myagenda.png */,
				CC64A9FC1E9F1DB80058EB6A /* myContactBackground.png */,
				CC64A9FD1E9F1DB80058EB6A /* myTicketBackground.png */,
				CC64A9FE1E9F1DB90058EB6A /* phoneIcon.png */,
				CC64A9FF1E9F1DB90058EB6A /* profile.png */,
				CC64AA001E9F1DB90058EB6A /* qr.png */,
				CC64AA011E9F1DB90058EB6A /* reveal-icon.png */,
				CC64AA021E9F1DB90058EB6A /* secondDay.png */,
				CC64AA031E9F1DB90058EB6A /* session.png */,
				CC64AA041E9F1DB90058EB6A /* sessionapproved.png */,
				CC64AA051E9F1DB90058EB6A /* sessionnotadded.png */,
				CC64AA061E9F1DB90058EB6A /* sessionpending.png */,
				CC64AA071E9F1DB90058EB6A /* sideMenuBackGround.png */,
				CC64AA081E9F1DB90058EB6A /* speaker.png */,
				CC64AA091E9F1DB90058EB6A /* splash (2).png */,
				CC64AA0A1E9F1DB90058EB6A /* splash.png */,
				CC64AA0B1E9F1DB90058EB6A /* star.png */,
				CC64AA0C1E9F1DB90058EB6A /* starclicked.png */,
				CC64AA0D1E9F1DB90058EB6A /* thirdDay.png */,
				CC64AA0E1E9F1DB90058EB6A /* ticket.png */,
				CC64AA0F1E9F1DB90058EB6A /* workshop.png */,
			);
			path = "MDW UI";
			sourceTree = "<group>";
		};
		EF6935FC7FAB03277AD4CA3A /* Frameworks */ = {
			isa = PBXGroup;
			children = (
				3D11EF6796886A51818D1FAE /* libPods-MDW-iOS.a */,
			);
			name = Frameworks;
			sourceTree = "<group>";
		};
/* End PBXGroup section */

/* Begin PBXNativeTarget section */
		4CEF75931E99694500AA3E07 /* MDW-iOS */ = {
			isa = PBXNativeTarget;
			buildConfigurationList = 4CEF75AB1E99694500AA3E07 /* Build configuration list for PBXNativeTarget "MDW-iOS" */;
			buildPhases = (
				B64CCF048BE7CF226574D42E /* [CP] Check Pods Manifest.lock */,
				4CEF75901E99694500AA3E07 /* Sources */,
				4CEF75911E99694500AA3E07 /* Frameworks */,
				4CEF75921E99694500AA3E07 /* Resources */,
				1F08FD0F893F77581CC44276 /* [CP] Embed Pods Frameworks */,
				BD12C64536DC5DFF2A056894 /* [CP] Copy Pods Resources */,
				4CBE19AD1EA22B7900C5C553 /* Embed Frameworks */,
			);
			buildRules = (
			);
			dependencies = (
			);
			name = "MDW-iOS";
			productName = "MDW-iOS";
			productReference = 4CEF75941E99694500AA3E07 /* MDW-iOS.app */;
			productType = "com.apple.product-type.application";
		};
/* End PBXNativeTarget section */

/* Begin PBXProject section */
		4CEF758C1E99694500AA3E07 /* Project object */ = {
			isa = PBXProject;
			attributes = {
				LastUpgradeCheck = 0830;
				ORGANIZATIONNAME = MAD;
				TargetAttributes = {
					4CEF75931E99694500AA3E07 = {
						CreatedOnToolsVersion = 8.3;
						ProvisioningStyle = Automatic;
					};
				};
			};
			buildConfigurationList = 4CEF758F1E99694500AA3E07 /* Build configuration list for PBXProject "MDW-iOS" */;
			compatibilityVersion = "Xcode 3.2";
			developmentRegion = English;
			hasScannedForEncodings = 0;
			knownRegions = (
				en,
				Base,
			);
			mainGroup = 4CEF758B1E99694500AA3E07;
			productRefGroup = 4CEF75951E99694500AA3E07 /* Products */;
			projectDirPath = "";
			projectRoot = "";
			targets = (
				4CEF75931E99694500AA3E07 /* MDW-iOS */,
			);
		};
/* End PBXProject section */

/* Begin PBXResourcesBuildPhase section */
		4CEF75921E99694500AA3E07 /* Resources */ = {
			isa = PBXResourcesBuildPhase;
			buildActionMask = 2147483647;
			files = (
				CC64AA4F1E9F1DB90058EB6A /* splash.png in Resources */,
				CC64AA191E9F1DB90058EB6A /* footer.png in Resources */,
				CC64AA1D1E9F1DB90058EB6A /* Icon-40.png in Resources */,
				CC64AA481E9F1DB90058EB6A /* session.png in Resources */,
				4CEF75A71E99694500AA3E07 /* LaunchScreen.storyboard in Resources */,
				CC64AA1E1E9F1DB90058EB6A /* Icon-40@2x 2.png in Resources */,
				CC64AA121E9F1DB90058EB6A /* background.png in Resources */,
				CC64AA2C1E9F1DB90058EB6A /* Icon-83.5@2x 2.png in Resources */,
				CC64AA431E9F1DB90058EB6A /* phoneIcon.png in Resources */,
				CC64AA511E9F1DB90058EB6A /* starclicked.png in Resources */,
				4C81C1301E9FB7580076D2F4 /* loginHeader.png in Resources */,
				CC64AA501E9F1DB90058EB6A /* star.png in Resources */,
				CC64AA311E9F1DB90058EB6A /* Icon-Small@2x.png in Resources */,
				CC64AA3E1E9F1DB90058EB6A /* logout.png in Resources */,
				CC64AA451E9F1DB90058EB6A /* qr.png in Resources */,
				CC64AA211E9F1DB90058EB6A /* Icon-40@3x 2.png in Resources */,
				CC64AA381E9F1DB90058EB6A /* location.png in Resources */,
				CC64AA251E9F1DB90058EB6A /* Icon-60@2x.png in Resources */,
				CC64AA2F1E9F1DB90058EB6A /* Icon-Small.png in Resources */,
				CC64AA1B1E9F1DB90058EB6A /* Icon-40 2.png in Resources */,
				CC64AA3A1E9F1DB90058EB6A /* loginHeader.png in Resources */,
				CC64AA471E9F1DB90058EB6A /* secondDay.png in Resources */,
				CC64AA2A1E9F1DB90058EB6A /* Icon-76@2x 2.png in Resources */,
				CC64AA221E9F1DB90058EB6A /* Icon-40@3x 3.png in Resources */,
				CC64AA2D1E9F1DB90058EB6A /* Icon-83.5@2x.png in Resources */,
				4CC2F4B61EAF81DE0078C74C /* no_sessions_day.png in Resources */,
				CC64AA301E9F1DB90058EB6A /* Icon-Small@2x 2.png in Resources */,
				CC64AA3B1E9F1DB90058EB6A /* loginTextBoxsBackGround.png in Resources */,
				CC64AA281E9F1DB90058EB6A /* Icon-76 2.png in Resources */,
				CC64AA3F1E9F1DB90058EB6A /* MDW 2016 Mobile APP150-47.png in Resources */,
				CC64AA491E9F1DB90058EB6A /* sessionapproved.png in Resources */,
				CC64AA391E9F1DB90058EB6A /* loginButton.png in Resources */,
				4C81C1321E9FB7680076D2F4 /* background.png in Resources */,
				CC64AA351E9F1DB90058EB6A /* jetsmoblab.PNG in Resources */,
				CC64AA1A1E9F1DB90058EB6A /* hacathon.png in Resources */,
				4CC7D4131EA26377000B7E70 /* breakicon.png in Resources */,
				CC64AA2B1E9F1DB90058EB6A /* Icon-76@2x.png in Resources */,
				CC64AA101E9F1DB90058EB6A /* agenda.png in Resources */,
				4CEF75A41E99694500AA3E07 /* Assets.xcassets in Resources */,
				CC64AA4B1E9F1DB90058EB6A /* sessionpending.png in Resources */,
				031558191EA240C200C6EB14 /* fields_background.png in Resources */,
				CC64AA291E9F1DB90058EB6A /* Icon-76.png in Resources */,
				CC64AA201E9F1DB90058EB6A /* Icon-40@2x.png in Resources */,
				CC64AA521E9F1DB90058EB6A /* thirdDay.png in Resources */,
				4CC7D4171EA26397000B7E70 /* hacathon.png in Resources */,
				CC64AA4C1E9F1DB90058EB6A /* sideMenuBackGround.png in Resources */,
				4CC7D4191EA263B0000B7E70 /* workshop.png in Resources */,
				CC64AA3D1E9F1DB90058EB6A /* logo1.png in Resources */,
				4CEF75A21E99694500AA3E07 /* Main.storyboard in Resources */,
				CC64AA421E9F1DB90058EB6A /* myTicketBackground.png in Resources */,
				CC64AA4E1E9F1DB90058EB6A /* splash (2).png in Resources */,
				4CC2F4B51EAF81DE0078C74C /* no_sessions_home.png in Resources */,
				CC64AA361E9F1DB90058EB6A /* leftSideMenuBackground.png in Resources */,
				CC64AA461E9F1DB90058EB6A /* reveal-icon.png in Resources */,
				CC64AA2E1E9F1DB90058EB6A /* Icon-Small 2.png in Resources */,
				CC64AA411E9F1DB90058EB6A /* myContactBackground.png in Resources */,
				4CC7D4151EA2638D000B7E70 /* session.png in Resources */,
				CC64AA161E9F1DB90058EB6A /* emailIcon.png in Resources */,
				CC64AA4D1E9F1DB90058EB6A /* speaker.png in Resources */,
				CC64AA141E9F1DB90058EB6A /* calender.png in Resources */,
				CC64AA261E9F1DB90058EB6A /* Icon-60@3x 2.png in Resources */,
				CC64AA331E9F1DB90058EB6A /* Icon-Small@3x.png in Resources */,
				CC64AA151E9F1DB90058EB6A /* contact.png in Resources */,
				CC64AA131E9F1DB90058EB6A /* breakicon.png in Resources */,
				CC64AA1F1E9F1DB90058EB6A /* Icon-40@2x 3.png in Resources */,
				CC64AA341E9F1DB90058EB6A /* info.png in Resources */,
				CC64AA531E9F1DB90058EB6A /* ticket.png in Resources */,
				CC64AA321E9F1DB90058EB6A /* Icon-Small@3x 2.png in Resources */,
				CC64AA181E9F1DB90058EB6A /* firstDay.png in Resources */,
				CC64AA241E9F1DB90058EB6A /* Icon-60@2x 2.png in Resources */,
				CC64AA231E9F1DB90058EB6A /* Icon-40@3x.png in Resources */,
				CC64AA401E9F1DB90058EB6A /* myagenda.png in Resources */,
				CC64AA1C1E9F1DB90058EB6A /* Icon-40 3.png in Resources */,
				CC64AA4A1E9F1DB90058EB6A /* sessionnotadded.png in Resources */,
				CC64AA271E9F1DB90058EB6A /* Icon-60@3x.png in Resources */,
				CC64AA3C1E9F1DB90058EB6A /* logo.png in Resources */,
				CC64AA371E9F1DB90058EB6A /* leftSideMenuHeader.png in Resources */,
				CC64AA541E9F1DB90058EB6A /* workshop.png in Resources */,
				CC64AA111E9F1DB90058EB6A /* allDays.png in Resources */,
				CC64AA171E9F1DB90058EB6A /* exihiptors.png in Resources */,
				CC64AA441E9F1DB90058EB6A /* profile.png in Resources */,
			);
			runOnlyForDeploymentPostprocessing = 0;
		};
/* End PBXResourcesBuildPhase section */

/* Begin PBXShellScriptBuildPhase section */
		1F08FD0F893F77581CC44276 /* [CP] Embed Pods Frameworks */ = {
			isa = PBXShellScriptBuildPhase;
			buildActionMask = 2147483647;
			files = (
			);
			inputPaths = (
			);
			name = "[CP] Embed Pods Frameworks";
			outputPaths = (
			);
			runOnlyForDeploymentPostprocessing = 0;
			shellPath = /bin/sh;
			shellScript = "\"${SRCROOT}/Pods/Target Support Files/Pods-MDW-iOS/Pods-MDW-iOS-frameworks.sh\"\n";
			showEnvVarsInLog = 0;
		};
		B64CCF048BE7CF226574D42E /* [CP] Check Pods Manifest.lock */ = {
			isa = PBXShellScriptBuildPhase;
			buildActionMask = 2147483647;
			files = (
			);
			inputPaths = (
			);
			name = "[CP] Check Pods Manifest.lock";
			outputPaths = (
			);
			runOnlyForDeploymentPostprocessing = 0;
			shellPath = /bin/sh;
			shellScript = "diff \"${PODS_ROOT}/../Podfile.lock\" \"${PODS_ROOT}/Manifest.lock\" > /dev/null\nif [ $? != 0 ] ; then\n    # print error to STDERR\n    echo \"error: The sandbox is not in sync with the Podfile.lock. Run 'pod install' or update your CocoaPods installation.\" >&2\n    exit 1\nfi\n";
			showEnvVarsInLog = 0;
		};
		BD12C64536DC5DFF2A056894 /* [CP] Copy Pods Resources */ = {
			isa = PBXShellScriptBuildPhase;
			buildActionMask = 2147483647;
			files = (
			);
			inputPaths = (
			);
			name = "[CP] Copy Pods Resources";
			outputPaths = (
			);
			runOnlyForDeploymentPostprocessing = 0;
			shellPath = /bin/sh;
			shellScript = "\"${SRCROOT}/Pods/Target Support Files/Pods-MDW-iOS/Pods-MDW-iOS-resources.sh\"\n";
			showEnvVarsInLog = 0;
		};
/* End PBXShellScriptBuildPhase section */

/* Begin PBXSourcesBuildPhase section */
		4CEF75901E99694500AA3E07 /* Sources */ = {
			isa = PBXSourcesBuildPhase;
			buildActionMask = 2147483647;
			files = (
				0365A98E1EA39AE500A6B6A3 /* SessionDetailsViewController.m in Sources */,
				4CC5466C1EA026DE00CA0B62 /* UIImageView+UIImageView_CashingWebImage.m in Sources */,
				4CBE19941EA1E81900C5C553 /* Attendee.m in Sources */,
				4CBE19B01EA2432900C5C553 /* DateConverter.m in Sources */,
				4CBE198B1EA1E63A00C5C553 /* SessionTypes.m in Sources */,
				CC1150561EA130F800692A6E /* ThirdDaySessionsAgenda.m in Sources */,
				030461581EAA9E700013097C /* SpeakerDetailsViewController.m in Sources */,
				4CBE198A1EA1E63A00C5C553 /* AgendaDays.m in Sources */,
				4CBE19A31EA1E86A00C5C553 /* SpeakerDAO.m in Sources */,
				4CBE19A01EA1E85100C5C553 /* SessionDTO.m in Sources */,
				4C81C13A1E9FDE7D0076D2F4 /* WebServiceDataFetching.m in Sources */,
				4CEF759F1E99694500AA3E07 /* ViewController.m in Sources */,
				4CC3F83C1EA5DB060041F84E /* SharedObjects.m in Sources */,
				CC237F521EA53A4A00499446 /* MyContatct.m in Sources */,
				CC237F4F1EA5279800499446 /* Tickets.m in Sources */,
				CC5352481E9F64DB00F18F37 /* MyAgendaBarController.m in Sources */,
				4CEF759C1E99694500AA3E07 /* AppDelegate.m in Sources */,
				4CBE199A1EA1E83800C5C553 /* ExhibitorDTO.m in Sources */,
				4C81C1351E9FB9F20076D2F4 /* SignInViewController.m in Sources */,
				CC1150531EA12CEA00692A6E /* SecondDaySessionsAgenda.m in Sources */,
				4CBE198E1EA1E7EF00C5C553 /* ImageDAO.m in Sources */,
				4CBE19971EA1E82700C5C553 /* ExhibitorDAO.m in Sources */,
				4CBE199D1EA1E84600C5C553 /* SessionDAO.m in Sources */,
				CC5352451E9F3D1A00F18F37 /* SideBarListViewController.m in Sources */,
				CC53528A1EA11B5900F18F37 /* AllSessionsAgenda.m in Sources */,
				CC11505C1EA142BF00692A6E /* FirstDaySessionsMyAgenda.m in Sources */,
				CC1150591EA13FF300692A6E /* AllSessionsMyAgenda.m in Sources */,
				CC7E39491E9E6349002EE671 /* SWRevealViewController.m in Sources */,
				4CEF75991E99694500AA3E07 /* main.m in Sources */,
				CC237F4C1EA5157300499446 /* InfoProfileViewController.m in Sources */,
				CC11505F1EA1447300692A6E /* SecondDaySessionsMyAgenda.m in Sources */,
				CC237F491EA510FE00499446 /* ProfileBarViewController.m in Sources */,
				CC1150501EA12A5800692A6E /* FirstDaySessionsAgenda.m in Sources */,
				CC237F461EA5067B00499446 /* Exhibitors.m in Sources */,
				4CBE19A61EA1E87900C5C553 /* SpeakerDTO.m in Sources */,
				4CBE19911EA1E7FE00C5C553 /* ImageDTO.m in Sources */,
				CC1150621EA147B600692A6E /* ThirdDaySessionsMyAgenda.m in Sources */,
				CC74FAB51EA36A210067C73A /* SpeakrsList.m in Sources */,
				0365A9911EA401EE00A6B6A3 /* NameFormatter.m in Sources */,
				4CBEEB901E99F11B006F848F /* ServiceURLs.m in Sources */,
				CC5352421E9F3C0800F18F37 /* HomeViewController.m in Sources */,
			);
			runOnlyForDeploymentPostprocessing = 0;
		};
/* End PBXSourcesBuildPhase section */

/* Begin PBXVariantGroup section */
		4CEF75A01E99694500AA3E07 /* Main.storyboard */ = {
			isa = PBXVariantGroup;
			children = (
				4CEF75A11E99694500AA3E07 /* Base */,
			);
			name = Main.storyboard;
			sourceTree = "<group>";
		};
		4CEF75A51E99694500AA3E07 /* LaunchScreen.storyboard */ = {
			isa = PBXVariantGroup;
			children = (
				4CEF75A61E99694500AA3E07 /* Base */,
			);
			name = LaunchScreen.storyboard;
			sourceTree = "<group>";
		};
/* End PBXVariantGroup section */

/* Begin XCBuildConfiguration section */
		4CEF75A91E99694500AA3E07 /* Debug */ = {
			isa = XCBuildConfiguration;
			buildSettings = {
				ALWAYS_SEARCH_USER_PATHS = NO;
				CLANG_ANALYZER_NONNULL = YES;
				CLANG_ANALYZER_NUMBER_OBJECT_CONVERSION = YES_AGGRESSIVE;
				CLANG_CXX_LANGUAGE_STANDARD = "gnu++0x";
				CLANG_CXX_LIBRARY = "libc++";
				CLANG_ENABLE_MODULES = YES;
				CLANG_ENABLE_OBJC_ARC = YES;
				CLANG_WARN_BOOL_CONVERSION = YES;
				CLANG_WARN_CONSTANT_CONVERSION = YES;
				CLANG_WARN_DIRECT_OBJC_ISA_USAGE = YES_ERROR;
				CLANG_WARN_DOCUMENTATION_COMMENTS = YES;
				CLANG_WARN_EMPTY_BODY = YES;
				CLANG_WARN_ENUM_CONVERSION = YES;
				CLANG_WARN_INFINITE_RECURSION = YES;
				CLANG_WARN_INT_CONVERSION = YES;
				CLANG_WARN_OBJC_ROOT_CLASS = YES_ERROR;
				CLANG_WARN_SUSPICIOUS_MOVE = YES;
				CLANG_WARN_UNREACHABLE_CODE = YES;
				CLANG_WARN__DUPLICATE_METHOD_MATCH = YES;
				"CODE_SIGN_IDENTITY[sdk=iphoneos*]" = "iPhone Developer";
				COPY_PHASE_STRIP = NO;
				DEBUG_INFORMATION_FORMAT = dwarf;
				ENABLE_STRICT_OBJC_MSGSEND = YES;
				ENABLE_TESTABILITY = YES;
				GCC_C_LANGUAGE_STANDARD = gnu99;
				GCC_DYNAMIC_NO_PIC = NO;
				GCC_NO_COMMON_BLOCKS = YES;
				GCC_OPTIMIZATION_LEVEL = 0;
				GCC_PREPROCESSOR_DEFINITIONS = (
					"DEBUG=1",
					"$(inherited)",
				);
				GCC_WARN_64_TO_32_BIT_CONVERSION = YES;
				GCC_WARN_ABOUT_RETURN_TYPE = YES_ERROR;
				GCC_WARN_UNDECLARED_SELECTOR = YES;
				GCC_WARN_UNINITIALIZED_AUTOS = YES_AGGRESSIVE;
				GCC_WARN_UNUSED_FUNCTION = YES;
				GCC_WARN_UNUSED_VARIABLE = YES;
				IPHONEOS_DEPLOYMENT_TARGET = 10.3;
				MTL_ENABLE_DEBUG_INFO = YES;
				ONLY_ACTIVE_ARCH = YES;
				SDKROOT = iphoneos;
			};
			name = Debug;
		};
		4CEF75AA1E99694500AA3E07 /* Release */ = {
			isa = XCBuildConfiguration;
			buildSettings = {
				ALWAYS_SEARCH_USER_PATHS = NO;
				CLANG_ANALYZER_NONNULL = YES;
				CLANG_ANALYZER_NUMBER_OBJECT_CONVERSION = YES_AGGRESSIVE;
				CLANG_CXX_LANGUAGE_STANDARD = "gnu++0x";
				CLANG_CXX_LIBRARY = "libc++";
				CLANG_ENABLE_MODULES = YES;
				CLANG_ENABLE_OBJC_ARC = YES;
				CLANG_WARN_BOOL_CONVERSION = YES;
				CLANG_WARN_CONSTANT_CONVERSION = YES;
				CLANG_WARN_DIRECT_OBJC_ISA_USAGE = YES_ERROR;
				CLANG_WARN_DOCUMENTATION_COMMENTS = YES;
				CLANG_WARN_EMPTY_BODY = YES;
				CLANG_WARN_ENUM_CONVERSION = YES;
				CLANG_WARN_INFINITE_RECURSION = YES;
				CLANG_WARN_INT_CONVERSION = YES;
				CLANG_WARN_OBJC_ROOT_CLASS = YES_ERROR;
				CLANG_WARN_SUSPICIOUS_MOVE = YES;
				CLANG_WARN_UNREACHABLE_CODE = YES;
				CLANG_WARN__DUPLICATE_METHOD_MATCH = YES;
				"CODE_SIGN_IDENTITY[sdk=iphoneos*]" = "iPhone Developer";
				COPY_PHASE_STRIP = NO;
				DEBUG_INFORMATION_FORMAT = "dwarf-with-dsym";
				ENABLE_NS_ASSERTIONS = NO;
				ENABLE_STRICT_OBJC_MSGSEND = YES;
				GCC_C_LANGUAGE_STANDARD = gnu99;
				GCC_NO_COMMON_BLOCKS = YES;
				GCC_WARN_64_TO_32_BIT_CONVERSION = YES;
				GCC_WARN_ABOUT_RETURN_TYPE = YES_ERROR;
				GCC_WARN_UNDECLARED_SELECTOR = YES;
				GCC_WARN_UNINITIALIZED_AUTOS = YES_AGGRESSIVE;
				GCC_WARN_UNUSED_FUNCTION = YES;
				GCC_WARN_UNUSED_VARIABLE = YES;
				IPHONEOS_DEPLOYMENT_TARGET = 10.3;
				MTL_ENABLE_DEBUG_INFO = NO;
				SDKROOT = iphoneos;
				VALIDATE_PRODUCT = YES;
			};
			name = Release;
		};
		4CEF75AC1E99694500AA3E07 /* Debug */ = {
			isa = XCBuildConfiguration;
			baseConfigurationReference = 3204402F86974672082D0EB9 /* Pods-MDW-iOS.debug.xcconfig */;
			buildSettings = {
				ASSETCATALOG_COMPILER_APPICON_NAME = AppIcon;
				FRAMEWORK_SEARCH_PATHS = (
					"$(inherited)",
					"$(PROJECT_DIR)",
				);
				INFOPLIST_FILE = "MDW-iOS/Info.plist";
				IPHONEOS_DEPLOYMENT_TARGET = 8.0;
				LD_RUNPATH_SEARCH_PATHS = "$(inherited) @executable_path/Frameworks";
				PRODUCT_BUNDLE_IDENTIFIER = "JETS.MDW-iOS";
				PRODUCT_NAME = "$(TARGET_NAME)";
			};
			name = Debug;
		};
		4CEF75AD1E99694500AA3E07 /* Release */ = {
			isa = XCBuildConfiguration;
			baseConfigurationReference = 313D000E55E67A5144795EC9 /* Pods-MDW-iOS.release.xcconfig */;
			buildSettings = {
				ASSETCATALOG_COMPILER_APPICON_NAME = AppIcon;
				FRAMEWORK_SEARCH_PATHS = (
					"$(inherited)",
					"$(PROJECT_DIR)",
				);
				INFOPLIST_FILE = "MDW-iOS/Info.plist";
				IPHONEOS_DEPLOYMENT_TARGET = 8.0;
				LD_RUNPATH_SEARCH_PATHS = "$(inherited) @executable_path/Frameworks";
				PRODUCT_BUNDLE_IDENTIFIER = "JETS.MDW-iOS";
				PRODUCT_NAME = "$(TARGET_NAME)";
			};
			name = Release;
		};
/* End XCBuildConfiguration section */

/* Begin XCConfigurationList section */
		4CEF758F1E99694500AA3E07 /* Build configuration list for PBXProject "MDW-iOS" */ = {
			isa = XCConfigurationList;
			buildConfigurations = (
				4CEF75A91E99694500AA3E07 /* Debug */,
				4CEF75AA1E99694500AA3E07 /* Release */,
			);
			defaultConfigurationIsVisible = 0;
			defaultConfigurationName = Release;
		};
		4CEF75AB1E99694500AA3E07 /* Build configuration list for PBXNativeTarget "MDW-iOS" */ = {
			isa = XCConfigurationList;
			buildConfigurations = (
				4CEF75AC1E99694500AA3E07 /* Debug */,
				4CEF75AD1E99694500AA3E07 /* Release */,
			);
			defaultConfigurationIsVisible = 0;
			defaultConfigurationName = Release;
		};
/* End XCConfigurationList section */
	};
	rootObject = 4CEF758C1E99694500AA3E07 /* Project object */;
}
